
Microsoft Visual Studio Solution File, Format Version 11.00
# Visual Studio 2010
Project("{8BC9CEB8-8B4A-11D0-8D11-00A0C91BC942}") = "cmpps", "cmpps\cmpps.vcxproj", "{C99A57B7-9C8C-44E5-8FFB-A2C2AF821A9D}"
EndProject
Global
	GlobalSection(SolutionConfigurationPlatforms) = preSolution
		Debug|Win32 = Debug|Win32
		Release|Win32 = Release|Win32
	EndGlobalSection
	GlobalSection(ProjectConfigurationPlatforms) = postSolution
		{C99A57B7-9C8C-44E5-8FFB-A2C2AF821A9D}.Debug|Win32.ActiveCfg = Debug|Win32
		{C99A57B7-9C8C-44E5-8FFB-A2C2AF821A9D}.Debug|Win32.Build.0 = Debug|Win32
		{C99A57B7-9C8C-44E5-8FFB-A2C2AF821A9D}.Release|Win32.ActiveCfg = Release|Win32
		{C99A57B7-9C8C-44E5-8FFB-A2C2AF821A9D}.Release|Win32.Build.0 = Release|Win32
	EndGlobalSection
	GlobalSection(SolutionProperties) = preSolution
		HideSolutionNode = FALSE
	EndGlobalSection
EndGlobal
