
Microsoft Visual Studio Solution File, Format Version 10.00
# Visual Studio 2008
Project("{8BC9CEB8-8B4A-11D0-8D11-00A0C91BC942}") = "psllw", "psllw.vcproj", "{C40094BC-287E-4B4F-9264-7980EEFA6C83}"
EndProject
Global
	GlobalSection(SolutionConfigurationPlatforms) = preSolution
		Debug|Win32 = Debug|Win32
		Release|Win32 = Release|Win32
	EndGlobalSection
	GlobalSection(ProjectConfigurationPlatforms) = postSolution
		{C40094BC-287E-4B4F-9264-7980EEFA6C83}.Debug|Win32.ActiveCfg = Debug|Win32
		{C40094BC-287E-4B4F-9264-7980EEFA6C83}.Debug|Win32.Build.0 = Debug|Win32
		{C40094BC-287E-4B4F-9264-7980EEFA6C83}.Release|Win32.ActiveCfg = Release|Win32
		{C40094BC-287E-4B4F-9264-7980EEFA6C83}.Release|Win32.Build.0 = Release|Win32
	EndGlobalSection
	GlobalSection(SolutionProperties) = preSolution
		HideSolutionNode = FALSE
	EndGlobalSection
EndGlobal
