
Microsoft Visual Studio Solution File, Format Version 10.00
# Visual Studio 2008
Project("{8BC9CEB8-8B4A-11D0-8D11-00A0C91BC942}") = "convert", "convert.vcproj", "{DB35387E-4A15-441B-A7D0-4A965EEA95FB}"
EndProject
Global
	GlobalSection(SolutionConfigurationPlatforms) = preSolution
		Debug|Win32 = Debug|Win32
		Release|Win32 = Release|Win32
	EndGlobalSection
	GlobalSection(ProjectConfigurationPlatforms) = postSolution
		{DB35387E-4A15-441B-A7D0-4A965EEA95FB}.Debug|Win32.ActiveCfg = Debug|Win32
		{DB35387E-4A15-441B-A7D0-4A965EEA95FB}.Debug|Win32.Build.0 = Debug|Win32
		{DB35387E-4A15-441B-A7D0-4A965EEA95FB}.Release|Win32.ActiveCfg = Release|Win32
		{DB35387E-4A15-441B-A7D0-4A965EEA95FB}.Release|Win32.Build.0 = Release|Win32
	EndGlobalSection
	GlobalSection(SolutionProperties) = preSolution
		HideSolutionNode = FALSE
	EndGlobalSection
EndGlobal
