Microsoft Visual Studio Solution File, Format Version 8.00
Project("{8BC9CEB8-8B4A-11D0-8D11-00A0C91BC942}") = "AddBack", "AddBack\AddBack.vcproj", "{47981AC6-4BF8-4F90-81C1-EF971F992703}"
	ProjectSection(ProjectDependencies) = postProject
	EndProjectSection
EndProject
Project("{8BC9CEB8-8B4A-11D0-8D11-00A0C91BC942}") = "AddBackPS", "AddBack\AddBackPS.vcproj", "{12B00D87-CF2B-4B37-889B-D038EE67BA6D}"
	ProjectSection(ProjectDependencies) = postProject
		{47981AC6-4BF8-4F90-81C1-EF971F992703} = {47981AC6-4BF8-4F90-81C1-EF971F992703}
	EndProjectSection
EndProject
Project("{8BC9CEB8-8B4A-11D0-8D11-00A0C91BC942}") = "AddFront1", "AddFront1\AddFront1.vcproj", "{DB89A8B7-E4B3-47C0-9F38-2FAB65DB1E93}"
	ProjectSection(ProjectDependencies) = postProject
	EndProjectSection
EndProject
Project("{8BC9CEB8-8B4A-11D0-8D11-00A0C91BC942}") = "AddFront2", "AddFront2\AddFront2.vcproj", "{DB89A8B7-E4B3-47C0-9F38-2FAB65DB1E93}"
	ProjectSection(ProjectDependencies) = postProject
	EndProjectSection
EndProject
Global
	GlobalSection(SolutionConfiguration) = preSolution
		Debug = Debug
		Release = Release
	EndGlobalSection
	GlobalSection(ProjectConfiguration) = postSolution
		{47981AC6-4BF8-4F90-81C1-EF971F992703}.Debug.ActiveCfg = Debug|Win32
		{47981AC6-4BF8-4F90-81C1-EF971F992703}.Debug.Build.0 = Debug|Win32
		{47981AC6-4BF8-4F90-81C1-EF971F992703}.Release.ActiveCfg = Release|Win32
		{47981AC6-4BF8-4F90-81C1-EF971F992703}.Release.Build.0 = Release|Win32
		{12B00D87-CF2B-4B37-889B-D038EE67BA6D}.Debug.ActiveCfg = Debug|Win32
		{12B00D87-CF2B-4B37-889B-D038EE67BA6D}.Release.ActiveCfg = Release|Win32
		{DB89A8B7-E4B3-47C0-9F38-2FAB65DB1E93}.Debug.ActiveCfg = Debug|Win32
		{DB89A8B7-E4B3-47C0-9F38-2FAB65DB1E93}.Debug.Build.0 = Debug|Win32
		{DB89A8B7-E4B3-47C0-9F38-2FAB65DB1E93}.Release.ActiveCfg = Release|Win32
		{DB89A8B7-E4B3-47C0-9F38-2FAB65DB1E93}.Release.Build.0 = Release|Win32
		{DB89A8B7-E4B3-47C0-9F38-2FAB65DB1E93}.Debug.ActiveCfg = Debug|Win32
		{DB89A8B7-E4B3-47C0-9F38-2FAB65DB1E93}.Debug.Build.0 = Debug|Win32
		{DB89A8B7-E4B3-47C0-9F38-2FAB65DB1E93}.Release.ActiveCfg = Release|Win32
		{DB89A8B7-E4B3-47C0-9F38-2FAB65DB1E93}.Release.Build.0 = Release|Win32
	EndGlobalSection
	GlobalSection(ExtensibilityGlobals) = postSolution
	EndGlobalSection
	GlobalSection(ExtensibilityAddIns) = postSolution
	EndGlobalSection
EndGlobal
