
Microsoft Visual Studio Solution File, Format Version 10.00
# Visual Studio 2008
Project("{8BC9CEB8-8B4A-11D0-8D11-00A0C91BC942}") = "FindShortPosition", "FindShortPosition.vcproj", "{63B0D6F2-0A3C-48A5-B5BB-AA20C7D2E631}"
EndProject
Global
	GlobalSection(SolutionConfigurationPlatforms) = preSolution
		Debug|Win32 = Debug|Win32
		Release|Win32 = Release|Win32
	EndGlobalSection
	GlobalSection(ProjectConfigurationPlatforms) = postSolution
		{63B0D6F2-0A3C-48A5-B5BB-AA20C7D2E631}.Debug|Win32.ActiveCfg = Debug|Win32
		{63B0D6F2-0A3C-48A5-B5BB-AA20C7D2E631}.Debug|Win32.Build.0 = Debug|Win32
		{63B0D6F2-0A3C-48A5-B5BB-AA20C7D2E631}.Release|Win32.ActiveCfg = Release|Win32
		{63B0D6F2-0A3C-48A5-B5BB-AA20C7D2E631}.Release|Win32.Build.0 = Release|Win32
	EndGlobalSection
	GlobalSection(SolutionProperties) = preSolution
		HideSolutionNode = FALSE
	EndGlobalSection
EndGlobal
