
Microsoft Visual Studio Solution File, Format Version 10.00
# Visual Studio 2008
Project("{8BC9CEB8-8B4A-11D0-8D11-00A0C91BC942}") = "LoadAndStoreAlign", "LoadAndStoreAlign.vcproj", "{4DB5F680-7432-4761-B898-0B58DA025FAF}"
EndProject
Global
	GlobalSection(SolutionConfigurationPlatforms) = preSolution
		Debug|Win32 = Debug|Win32
		Release|Win32 = Release|Win32
	EndGlobalSection
	GlobalSection(ProjectConfigurationPlatforms) = postSolution
		{4DB5F680-7432-4761-B898-0B58DA025FAF}.Debug|Win32.ActiveCfg = Debug|Win32
		{4DB5F680-7432-4761-B898-0B58DA025FAF}.Debug|Win32.Build.0 = Debug|Win32
		{4DB5F680-7432-4761-B898-0B58DA025FAF}.Release|Win32.ActiveCfg = Release|Win32
		{4DB5F680-7432-4761-B898-0B58DA025FAF}.Release|Win32.Build.0 = Release|Win32
	EndGlobalSection
	GlobalSection(SolutionProperties) = preSolution
		HideSolutionNode = FALSE
	EndGlobalSection
EndGlobal
