
Microsoft Visual Studio Solution File, Format Version 11.00
# Visual Studio 2010
Project("{8BC9CEB8-8B4A-11D0-8D11-00A0C91BC942}") = "MinMax", "MinMax\MinMax.vcxproj", "{DF71BE6F-0319-49C9-95BE-B79DDE647A41}"
EndProject
Global
	GlobalSection(SolutionConfigurationPlatforms) = preSolution
		Debug|Win32 = Debug|Win32
		Release|Win32 = Release|Win32
	EndGlobalSection
	GlobalSection(ProjectConfigurationPlatforms) = postSolution
		{DF71BE6F-0319-49C9-95BE-B79DDE647A41}.Debug|Win32.ActiveCfg = Debug|Win32
		{DF71BE6F-0319-49C9-95BE-B79DDE647A41}.Debug|Win32.Build.0 = Debug|Win32
		{DF71BE6F-0319-49C9-95BE-B79DDE647A41}.Release|Win32.ActiveCfg = Release|Win32
		{DF71BE6F-0319-49C9-95BE-B79DDE647A41}.Release|Win32.Build.0 = Release|Win32
	EndGlobalSection
	GlobalSection(SolutionProperties) = preSolution
		HideSolutionNode = FALSE
	EndGlobalSection
EndGlobal
