
Microsoft Visual Studio Solution File, Format Version 10.00
# Visual Studio 2008
Project("{8BC9CEB8-8B4A-11D0-8D11-00A0C91BC942}") = "Div", "Div.vcproj", "{096697D9-7D56-479A-9472-96DB126B6192}"
EndProject
Global
	GlobalSection(SolutionConfigurationPlatforms) = preSolution
		Debug|Win32 = Debug|Win32
		Release|Win32 = Release|Win32
	EndGlobalSection
	GlobalSection(ProjectConfigurationPlatforms) = postSolution
		{096697D9-7D56-479A-9472-96DB126B6192}.Debug|Win32.ActiveCfg = Debug|Win32
		{096697D9-7D56-479A-9472-96DB126B6192}.Debug|Win32.Build.0 = Debug|Win32
		{096697D9-7D56-479A-9472-96DB126B6192}.Release|Win32.ActiveCfg = Release|Win32
		{096697D9-7D56-479A-9472-96DB126B6192}.Release|Win32.Build.0 = Release|Win32
	EndGlobalSection
	GlobalSection(SolutionProperties) = preSolution
		HideSolutionNode = FALSE
	EndGlobalSection
EndGlobal
