Microsoft Visual Studio Solution File, Format Version 8.00
Project("{8BC9CEB8-8B4A-11D0-8D11-00A0C91BC942}") = "PictureDemo", "PictureDemo.vcproj", "{A741F3AF-C723-482F-A9D1-0E3E28871913}"
	ProjectSection(ProjectDependencies) = postProject
	EndProjectSection
EndProject
Global
	GlobalSection(SolutionConfiguration) = preSolution
		Debug = Debug
		Release = Release
	EndGlobalSection
	GlobalSection(ProjectConfiguration) = postSolution
		{A741F3AF-C723-482F-A9D1-0E3E28871913}.Debug.ActiveCfg = Debug|Win32
		{A741F3AF-C723-482F-A9D1-0E3E28871913}.Debug.Build.0 = Debug|Win32
		{A741F3AF-C723-482F-A9D1-0E3E28871913}.Release.ActiveCfg = Release|Win32
		{A741F3AF-C723-482F-A9D1-0E3E28871913}.Release.Build.0 = Release|Win32
	EndGlobalSection
	GlobalSection(ExtensibilityGlobals) = postSolution
	EndGlobalSection
	GlobalSection(ExtensibilityAddIns) = postSolution
	EndGlobalSection
EndGlobal
