
Microsoft Visual Studio Solution File, Format Version 10.00
# Visual Studio 2008
Project("{8BC9CEB8-8B4A-11D0-8D11-00A0C91BC942}") = "Pack", "Pack.vcproj", "{460E8884-88A4-4C76-B00B-B6C53D51DB33}"
EndProject
Global
	GlobalSection(SolutionConfigurationPlatforms) = preSolution
		Debug|Win32 = Debug|Win32
		Release|Win32 = Release|Win32
	EndGlobalSection
	GlobalSection(ProjectConfigurationPlatforms) = postSolution
		{460E8884-88A4-4C76-B00B-B6C53D51DB33}.Debug|Win32.ActiveCfg = Debug|Win32
		{460E8884-88A4-4C76-B00B-B6C53D51DB33}.Debug|Win32.Build.0 = Debug|Win32
		{460E8884-88A4-4C76-B00B-B6C53D51DB33}.Release|Win32.ActiveCfg = Release|Win32
		{460E8884-88A4-4C76-B00B-B6C53D51DB33}.Release|Win32.Build.0 = Release|Win32
	EndGlobalSection
	GlobalSection(SolutionProperties) = preSolution
		HideSolutionNode = FALSE
	EndGlobalSection
EndGlobal
