Microsoft Visual Studio Solution File, Format Version 8.00
Project("{8BC9CEB8-8B4A-11D0-8D11-00A0C91BC942}") = "XPButtonDemo", "XPButtonDemo.vcproj", "{2E36E94D-2C28-4898-980C-AC7860DF8A57}"
	ProjectSection(ProjectDependencies) = postProject
	EndProjectSection
EndProject
Global
	GlobalSection(SolutionConfiguration) = preSolution
		Debug = Debug
		Release = Release
	EndGlobalSection
	GlobalSection(ProjectConfiguration) = postSolution
		{2E36E94D-2C28-4898-980C-AC7860DF8A57}.Debug.ActiveCfg = Debug|Win32
		{2E36E94D-2C28-4898-980C-AC7860DF8A57}.Debug.Build.0 = Debug|Win32
		{2E36E94D-2C28-4898-980C-AC7860DF8A57}.Release.ActiveCfg = Release|Win32
		{2E36E94D-2C28-4898-980C-AC7860DF8A57}.Release.Build.0 = Release|Win32
	EndGlobalSection
	GlobalSection(ExtensibilityGlobals) = postSolution
	EndGlobalSection
	GlobalSection(ExtensibilityAddIns) = postSolution
	EndGlobalSection
EndGlobal
