
Microsoft Visual Studio Solution File, Format Version 10.00
# Visual Studio 2008
Project("{8BC9CEB8-8B4A-11D0-8D11-00A0C91BC942}") = "Loop", "Loop.vcproj", "{A8250C3D-F757-4606-9C82-FFF8E80C820D}"
EndProject
Global
	GlobalSection(SolutionConfigurationPlatforms) = preSolution
		Debug|Win32 = Debug|Win32
		Release|Win32 = Release|Win32
	EndGlobalSection
	GlobalSection(ProjectConfigurationPlatforms) = postSolution
		{A8250C3D-F757-4606-9C82-FFF8E80C820D}.Debug|Win32.ActiveCfg = Debug|Win32
		{A8250C3D-F757-4606-9C82-FFF8E80C820D}.Debug|Win32.Build.0 = Debug|Win32
		{A8250C3D-F757-4606-9C82-FFF8E80C820D}.Release|Win32.ActiveCfg = Release|Win32
		{A8250C3D-F757-4606-9C82-FFF8E80C820D}.Release|Win32.Build.0 = Release|Win32
	EndGlobalSection
	GlobalSection(SolutionProperties) = preSolution
		HideSolutionNode = FALSE
	EndGlobalSection
EndGlobal
