Microsoft Visual Studio Solution File, Format Version 8.00
Project("{8BC9CEB8-8B4A-11D0-8D11-00A0C91BC942}") = "DHTML", "DHTML.vcproj", "{FB81C3AF-3082-42F6-A582-907D9CAA05F9}"
	ProjectSection(ProjectDependencies) = postProject
	EndProjectSection
EndProject
Project("{8BC9CEB8-8B4A-11D0-8D11-00A0C91BC942}") = "DHTMLPS", "DHTMLPS.vcproj", "{5F7043F0-4B4B-4444-A66F-B40D82ED1FB4}"
	ProjectSection(ProjectDependencies) = postProject
		{FB81C3AF-3082-42F6-A582-907D9CAA05F9} = {FB81C3AF-3082-42F6-A582-907D9CAA05F9}
	EndProjectSection
EndProject
Global
	GlobalSection(SolutionConfiguration) = preSolution
		Debug = Debug
		Release = Release
	EndGlobalSection
	GlobalSection(ProjectConfiguration) = postSolution
		{FB81C3AF-3082-42F6-A582-907D9CAA05F9}.Debug.ActiveCfg = Debug|Win32
		{FB81C3AF-3082-42F6-A582-907D9CAA05F9}.Debug.Build.0 = Debug|Win32
		{FB81C3AF-3082-42F6-A582-907D9CAA05F9}.Release.ActiveCfg = Release|Win32
		{FB81C3AF-3082-42F6-A582-907D9CAA05F9}.Release.Build.0 = Release|Win32
		{5F7043F0-4B4B-4444-A66F-B40D82ED1FB4}.Debug.ActiveCfg = Debug|Win32
		{5F7043F0-4B4B-4444-A66F-B40D82ED1FB4}.Release.ActiveCfg = Release|Win32
	EndGlobalSection
	GlobalSection(ExtensibilityGlobals) = postSolution
	EndGlobalSection
	GlobalSection(ExtensibilityAddIns) = postSolution
	EndGlobalSection
EndGlobal
