
Microsoft Visual Studio Solution File, Format Version 10.00
# Visual Studio 2008
Project("{8BC9CEB8-8B4A-11D0-8D11-00A0C91BC942}") = "movealign", "movealign.vcproj", "{53137D8A-EFBA-4D44-B774-E1AC5C8E5C24}"
EndProject
Global
	GlobalSection(SolutionConfigurationPlatforms) = preSolution
		Debug|Win32 = Debug|Win32
		Release|Win32 = Release|Win32
	EndGlobalSection
	GlobalSection(ProjectConfigurationPlatforms) = postSolution
		{53137D8A-EFBA-4D44-B774-E1AC5C8E5C24}.Debug|Win32.ActiveCfg = Debug|Win32
		{53137D8A-EFBA-4D44-B774-E1AC5C8E5C24}.Debug|Win32.Build.0 = Debug|Win32
		{53137D8A-EFBA-4D44-B774-E1AC5C8E5C24}.Release|Win32.ActiveCfg = Release|Win32
		{53137D8A-EFBA-4D44-B774-E1AC5C8E5C24}.Release|Win32.Build.0 = Release|Win32
	EndGlobalSection
	GlobalSection(SolutionProperties) = preSolution
		HideSolutionNode = FALSE
	EndGlobalSection
EndGlobal
