Microsoft Visual Studio Solution File, Format Version 8.00
Project("{8BC9CEB8-8B4A-11D0-8D11-00A0C91BC942}") = "HelloApp", "HelloApp.vcproj", "{5EF65368-2A6B-4D73-8B24-085EDC5A6227}"
	ProjectSection(ProjectDependencies) = postProject
	EndProjectSection
EndProject
Global
	GlobalSection(SolutionConfiguration) = preSolution
		Debug = Debug
		Release = Release
	EndGlobalSection
	GlobalSection(ProjectConfiguration) = postSolution
		{5EF65368-2A6B-4D73-8B24-085EDC5A6227}.Debug.ActiveCfg = Debug|Win32
		{5EF65368-2A6B-4D73-8B24-085EDC5A6227}.Debug.Build.0 = Debug|Win32
		{5EF65368-2A6B-4D73-8B24-085EDC5A6227}.Release.ActiveCfg = Release|Win32
		{5EF65368-2A6B-4D73-8B24-085EDC5A6227}.Release.Build.0 = Release|Win32
	EndGlobalSection
	GlobalSection(ExtensibilityGlobals) = postSolution
	EndGlobalSection
	GlobalSection(ExtensibilityAddIns) = postSolution
	EndGlobalSection
EndGlobal
