
Microsoft Visual Studio Solution File, Format Version 10.00
# Visual Studio 2008
Project("{8BC9CEB8-8B4A-11D0-8D11-00A0C91BC942}") = "unpack", "unpack.vcproj", "{95B0C6B6-FBEB-41CB-A5DD-01F28C7FF80F}"
EndProject
Global
	GlobalSection(SolutionConfigurationPlatforms) = preSolution
		Debug|Win32 = Debug|Win32
		Release|Win32 = Release|Win32
	EndGlobalSection
	GlobalSection(ProjectConfigurationPlatforms) = postSolution
		{95B0C6B6-FBEB-41CB-A5DD-01F28C7FF80F}.Debug|Win32.ActiveCfg = Debug|Win32
		{95B0C6B6-FBEB-41CB-A5DD-01F28C7FF80F}.Debug|Win32.Build.0 = Debug|Win32
		{95B0C6B6-FBEB-41CB-A5DD-01F28C7FF80F}.Release|Win32.ActiveCfg = Release|Win32
		{95B0C6B6-FBEB-41CB-A5DD-01F28C7FF80F}.Release|Win32.Build.0 = Release|Win32
	EndGlobalSection
	GlobalSection(SolutionProperties) = preSolution
		HideSolutionNode = FALSE
	EndGlobalSection
EndGlobal
