
Microsoft Visual Studio Solution File, Format Version 10.00
# Visual Studio 2008
Project("{8BC9CEB8-8B4A-11D0-8D11-00A0C91BC942}") = "pmul", "pmul.vcproj", "{9681A8E9-D5DE-4181-B3EB-6EC6F07507F6}"
EndProject
Global
	GlobalSection(SolutionConfigurationPlatforms) = preSolution
		Debug|Win32 = Debug|Win32
		Release|Win32 = Release|Win32
	EndGlobalSection
	GlobalSection(ProjectConfigurationPlatforms) = postSolution
		{9681A8E9-D5DE-4181-B3EB-6EC6F07507F6}.Debug|Win32.ActiveCfg = Debug|Win32
		{9681A8E9-D5DE-4181-B3EB-6EC6F07507F6}.Debug|Win32.Build.0 = Debug|Win32
		{9681A8E9-D5DE-4181-B3EB-6EC6F07507F6}.Release|Win32.ActiveCfg = Release|Win32
		{9681A8E9-D5DE-4181-B3EB-6EC6F07507F6}.Release|Win32.Build.0 = Release|Win32
	EndGlobalSection
	GlobalSection(SolutionProperties) = preSolution
		HideSolutionNode = FALSE
	EndGlobalSection
EndGlobal
