Microsoft Visual Studio Solution File, Format Version 8.00
Project("{8BC9CEB8-8B4A-11D0-8D11-00A0C91BC942}") = "Unknown", "Unknown.vcproj", "{E81FDEEA-0A0B-4E5D-B55C-035991F7937A}"
	ProjectSection(ProjectDependencies) = postProject
	EndProjectSection
EndProject
Global
	GlobalSection(SolutionConfiguration) = preSolution
		Debug = Debug
		Release = Release
	EndGlobalSection
	GlobalSection(ProjectConfiguration) = postSolution
		{E81FDEEA-0A0B-4E5D-B55C-035991F7937A}.Debug.ActiveCfg = Debug|Win32
		{E81FDEEA-0A0B-4E5D-B55C-035991F7937A}.Debug.Build.0 = Debug|Win32
		{E81FDEEA-0A0B-4E5D-B55C-035991F7937A}.Release.ActiveCfg = Release|Win32
		{E81FDEEA-0A0B-4E5D-B55C-035991F7937A}.Release.Build.0 = Release|Win32
	EndGlobalSection
	GlobalSection(ExtensibilityGlobals) = postSolution
	EndGlobalSection
	GlobalSection(ExtensibilityAddIns) = postSolution
	EndGlobalSection
EndGlobal
