
Microsoft Visual Studio Solution File, Format Version 12.00
# Visual Studio 2012
Project("{8BC9CEB8-8B4A-11D0-8D11-00A0C91BC942}") = "shared_ptr_01", "shared_ptr_01\shared_ptr_01.vcxproj", "{8E3812E9-DB85-4261-9F6D-EED59D308D84}"
EndProject
Project("{8BC9CEB8-8B4A-11D0-8D11-00A0C91BC942}") = "shared_ptr_02", "shared_ptr_02\shared_ptr_02.vcxproj", "{4D8304AC-5F7A-408B-8A62-D3B27D1A2CF5}"
EndProject
Project("{8BC9CEB8-8B4A-11D0-8D11-00A0C91BC942}") = "shared_ptr_03", "shared_ptr_03\shared_ptr_03.vcxproj", "{92CDD86D-BC71-4969-8612-37E5C4375DF9}"
EndProject
Project("{8BC9CEB8-8B4A-11D0-8D11-00A0C91BC942}") = "shared_ptr_04", "shared_ptr_04\shared_ptr_04.vcxproj", "{CB3F2789-7890-4415-BDFA-0E7FC37A8119}"
EndProject
Project("{8BC9CEB8-8B4A-11D0-8D11-00A0C91BC942}") = "shared_ptr_05", "shared_ptr_05\shared_ptr_05.vcxproj", "{E9F2D2A6-DDDF-46CE-A233-C83CDEC560A7}"
EndProject
Project("{8BC9CEB8-8B4A-11D0-8D11-00A0C91BC942}") = "shared_ptr_06", "shared_ptr_06\shared_ptr_06.vcxproj", "{5D97DFEE-511B-41DC-90C7-606642C918DF}"
EndProject
Project("{8BC9CEB8-8B4A-11D0-8D11-00A0C91BC942}") = "unique_ptr01", "unique_ptr01\unique_ptr01.vcxproj", "{54DF7FD6-BB35-4E10-B21E-EC50707C80FD}"
EndProject
Project("{8BC9CEB8-8B4A-11D0-8D11-00A0C91BC942}") = "unique_ptr02", "unique_ptr02\unique_ptr02.vcxproj", "{43827D56-D117-432F-896C-7597715350B3}"
EndProject
Project("{8BC9CEB8-8B4A-11D0-8D11-00A0C91BC942}") = "unique_ptr03", "unique_ptr03\unique_ptr03.vcxproj", "{C5F0154E-4F83-4325-89E9-A9BEB542C57C}"
EndProject
Project("{8BC9CEB8-8B4A-11D0-8D11-00A0C91BC942}") = "unique_ptr04", "unique_ptr04\unique_ptr04.vcxproj", "{17269E72-F981-48BA-A9C4-592B5D46B3A6}"
EndProject
Project("{8BC9CEB8-8B4A-11D0-8D11-00A0C91BC942}") = "shared_ptr_07", "shared_ptr_07\shared_ptr_07.vcxproj", "{E7B37F51-29F2-420C-BB62-8AB49A96F668}"
EndProject
Project("{8BC9CEB8-8B4A-11D0-8D11-00A0C91BC942}") = "unique_ptr05", "unique_ptr05\unique_ptr05.vcxproj", "{93403D5A-370F-489E-9DB0-F5EC0952FA82}"
EndProject
Project("{8BC9CEB8-8B4A-11D0-8D11-00A0C91BC942}") = "tuple_01", "tuple_01\tuple_01.vcxproj", "{F6D09A0F-90A9-472B-A1F1-6A96178FBECB}"
EndProject
Project("{8BC9CEB8-8B4A-11D0-8D11-00A0C91BC942}") = "tuple_02", "tuple_02\tuple_02.vcxproj", "{C8A23204-225E-42B9-85C2-2FEACD9BEF52}"
EndProject
Project("{8BC9CEB8-8B4A-11D0-8D11-00A0C91BC942}") = "tuple_03", "tuple_03\tuple_03.vcxproj", "{6A58ECE9-7CED-4ECD-BB2D-99454886381C}"
EndProject
Project("{8BC9CEB8-8B4A-11D0-8D11-00A0C91BC942}") = "tuple_04", "tuple_04\tuple_04.vcxproj", "{3C5998BF-D1FF-4EB7-B064-92919ABC0F05}"
EndProject
Project("{8BC9CEB8-8B4A-11D0-8D11-00A0C91BC942}") = "tuple_05", "tuple_05\tuple_05.vcxproj", "{8E1140C5-60E5-4A40-A908-6A9F2F6E7C1D}"
EndProject
Project("{8BC9CEB8-8B4A-11D0-8D11-00A0C91BC942}") = "array_01", "array_01\array_01.vcxproj", "{B7045159-96C1-453B-9AEA-2486697EE68A}"
EndProject
Project("{8BC9CEB8-8B4A-11D0-8D11-00A0C91BC942}") = "array_02", "array_02\array_02.vcxproj", "{6BFE791F-118D-4DD4-9B51-D2CCDEBE269B}"
EndProject
Project("{8BC9CEB8-8B4A-11D0-8D11-00A0C91BC942}") = "array_03", "array_03\array_03.vcxproj", "{91F83A14-2C94-4A18-BE21-4EECB2C4FED5}"
EndProject
Project("{8BC9CEB8-8B4A-11D0-8D11-00A0C91BC942}") = "forward_list_01", "forward_list_01\forward_list_01.vcxproj", "{055F9ED3-A239-4C1A-AE98-F4582E6DFD70}"
EndProject
Project("{8BC9CEB8-8B4A-11D0-8D11-00A0C91BC942}") = "forward_list_02", "forward_list_02\forward_list_02.vcxproj", "{FA21F038-2BE1-43CC-9C69-59EB9D468258}"
EndProject
Project("{8BC9CEB8-8B4A-11D0-8D11-00A0C91BC942}") = "forward_list_03", "forward_list_03\forward_list_03.vcxproj", "{9D72C3BA-7131-4594-B0FD-AB676D1864EF}"
EndProject
Project("{8BC9CEB8-8B4A-11D0-8D11-00A0C91BC942}") = "forward_list_04", "forward_list_04\forward_list_04.vcxproj", "{6E152487-DE2A-4D94-A06C-D0C9FDE16622}"
EndProject
Project("{8BC9CEB8-8B4A-11D0-8D11-00A0C91BC942}") = "forward_list_05", "forward_list_05\forward_list_05.vcxproj", "{1628A27E-D46C-4710-AFC2-9DCF8CB759C3}"
EndProject
Project("{8BC9CEB8-8B4A-11D0-8D11-00A0C91BC942}") = "forward_list_06", "forward_list_06\forward_list_06.vcxproj", "{49A0B602-7630-4CAC-A728-0A5C94B943DA}"
EndProject
Project("{8BC9CEB8-8B4A-11D0-8D11-00A0C91BC942}") = "forward_list_07", "forward_list_07\forward_list_07.vcxproj", "{F1E7EF8E-78D1-4D9E-90F0-8C1A94E1C0C0}"
EndProject
Project("{8BC9CEB8-8B4A-11D0-8D11-00A0C91BC942}") = "unordered_map_01", "unordered_map_01\unordered_map_01.vcxproj", "{F210FCB2-C99E-4856-AE82-9959229B2EDC}"
EndProject
Project("{8BC9CEB8-8B4A-11D0-8D11-00A0C91BC942}") = "unordered_map_02", "unordered_map_02\unordered_map_02.vcxproj", "{3E30EA33-89F4-4C4F-BC71-DD944A61BC39}"
EndProject
Project("{8BC9CEB8-8B4A-11D0-8D11-00A0C91BC942}") = "unordered_map_03", "unordered_map_03\unordered_map_03.vcxproj", "{67E6D5A3-7825-4EC0-AC6E-2F8741412041}"
EndProject
Project("{8BC9CEB8-8B4A-11D0-8D11-00A0C91BC942}") = "unordered_map_04", "unordered_map_04\unordered_map_04.vcxproj", "{2D4D0E08-BDDA-46FE-B699-FC79EB9708B6}"
EndProject
Project("{8BC9CEB8-8B4A-11D0-8D11-00A0C91BC942}") = "unordered_map_05", "unordered_map_05\unordered_map_05.vcxproj", "{1E166D09-36F1-4BA2-A5E8-99EBD9CE9FE2}"
EndProject
Project("{8BC9CEB8-8B4A-11D0-8D11-00A0C91BC942}") = "chrono_01", "chrono_01\chrono_01.vcxproj", "{F81EADF7-E0F6-4A81-A72B-E6A778411DC5}"
EndProject
Project("{8BC9CEB8-8B4A-11D0-8D11-00A0C91BC942}") = "chrono_02", "chrono_02\chrono_02.vcxproj", "{066680DA-3F87-4976-B4D3-B93358CC4708}"
EndProject
Project("{8BC9CEB8-8B4A-11D0-8D11-00A0C91BC942}") = "chrono_03", "chrono_03\chrono_03.vcxproj", "{5F774D66-2653-4D84-B82B-4975D5CE7BCB}"
EndProject
Project("{8BC9CEB8-8B4A-11D0-8D11-00A0C91BC942}") = "thread_01", "thread_01\thread_01.vcxproj", "{80448D0B-59AB-4ED6-9318-7BD072E9F0CA}"
EndProject
Project("{8BC9CEB8-8B4A-11D0-8D11-00A0C91BC942}") = "thread_02", "thread_02\thread_02.vcxproj", "{50490866-7392-4337-B1B0-36095A97432C}"
EndProject
Project("{8BC9CEB8-8B4A-11D0-8D11-00A0C91BC942}") = "thread_03", "thread_03\thread_03.vcxproj", "{3B720AA3-F902-4A25-A0CE-83603972F134}"
EndProject
Project("{8BC9CEB8-8B4A-11D0-8D11-00A0C91BC942}") = "thread_04", "thread_04\thread_04.vcxproj", "{1727F17B-913B-4ED0-B17B-F80C6EA4C325}"
EndProject
Project("{8BC9CEB8-8B4A-11D0-8D11-00A0C91BC942}") = "thread_05", "thread_05\thread_05.vcxproj", "{E1402238-1B29-4ABF-94C4-540948BDACC4}"
EndProject
Project("{8BC9CEB8-8B4A-11D0-8D11-00A0C91BC942}") = "thread_06", "thread_06\thread_06.vcxproj", "{A6BC49F7-7EA9-41CC-90D4-9737F2BD76EA}"
EndProject
Project("{8BC9CEB8-8B4A-11D0-8D11-00A0C91BC942}") = "thread_07", "thread_07\thread_07.vcxproj", "{A5F878C7-B40F-4C0E-BFC7-3C8D24E28F69}"
EndProject
Project("{8BC9CEB8-8B4A-11D0-8D11-00A0C91BC942}") = "thread_08", "thread_08\thread_08.vcxproj", "{3432D030-4DEA-4539-B152-59AA9B4DCB4D}"
EndProject
Project("{8BC9CEB8-8B4A-11D0-8D11-00A0C91BC942}") = "thread_09", "thread_09\thread_09.vcxproj", "{19D1004B-FCBE-4139-9EFD-D0FB92655680}"
EndProject
Project("{8BC9CEB8-8B4A-11D0-8D11-00A0C91BC942}") = "mutex_01", "mutex_01\mutex_01.vcxproj", "{1B08AFCC-A3DF-416B-8302-E18AA19E3286}"
EndProject
Project("{8BC9CEB8-8B4A-11D0-8D11-00A0C91BC942}") = "mutex_02", "mutex_02\mutex_02.vcxproj", "{9B005044-13FF-465A-99A4-962F8B691138}"
EndProject
Project("{8BC9CEB8-8B4A-11D0-8D11-00A0C91BC942}") = "mutex_03", "mutex_03\mutex_03.vcxproj", "{2E8A36DF-EDB3-4514-99FE-5CDD46C9B52F}"
EndProject
Project("{8BC9CEB8-8B4A-11D0-8D11-00A0C91BC942}") = "mutex_04", "mutex_04\mutex_04.vcxproj", "{3D236FC0-0C93-4A4A-82C7-BB5D52C5BF9D}"
EndProject
Project("{8BC9CEB8-8B4A-11D0-8D11-00A0C91BC942}") = "mutex_05", "mutex_05\mutex_05.vcxproj", "{E806D5D7-9BD1-4739-90FE-B50106211F27}"
EndProject
Project("{8BC9CEB8-8B4A-11D0-8D11-00A0C91BC942}") = "atomic_01", "atomic_01\atomic_01.vcxproj", "{C7548EA7-6392-4CBC-8737-525550FBD775}"
EndProject
Project("{8BC9CEB8-8B4A-11D0-8D11-00A0C91BC942}") = "atomic_02", "atomic_02\atomic_02.vcxproj", "{B40BCAB5-FC8B-4D9F-814F-B1BAB3B29E22}"
EndProject
Project("{8BC9CEB8-8B4A-11D0-8D11-00A0C91BC942}") = "atomic_03", "atomic_03\atomic_03.vcxproj", "{C9C1E76A-A0AB-43BF-90FE-AF90EE6850D8}"
EndProject
Project("{8BC9CEB8-8B4A-11D0-8D11-00A0C91BC942}") = "atomic_04", "atomic_04\atomic_04.vcxproj", "{644E757F-2BB1-4200-B2F4-3318BFE16A09}"
EndProject
Project("{8BC9CEB8-8B4A-11D0-8D11-00A0C91BC942}") = "atomic_05", "atomic_05\atomic_05.vcxproj", "{E5DB6167-24E2-432E-9C9D-E8BBAEF6B4AB}"
EndProject
Project("{8BC9CEB8-8B4A-11D0-8D11-00A0C91BC942}") = "async_future_01", "async_future_01\async_future_01.vcxproj", "{6B29AC2D-680A-48DA-8F36-C525159D2710}"
EndProject
Project("{8BC9CEB8-8B4A-11D0-8D11-00A0C91BC942}") = "promise_01", "promise_01\promise_01.vcxproj", "{7B0EF88E-9E8D-4BE8-B4FA-E3EC0B5A7D67}"
EndProject
Project("{8BC9CEB8-8B4A-11D0-8D11-00A0C91BC942}") = "packaged_task_01", "packaged_task_01\packaged_task_01.vcxproj", "{3DFAF89E-A3A6-4F67-B653-1472DD619C21}"
EndProject
Project("{8BC9CEB8-8B4A-11D0-8D11-00A0C91BC942}") = "auto_01", "auto_01\auto_01.vcxproj", "{C47866FB-BC3D-4F6C-8519-1C57FBA02851}"
EndProject
Project("{8BC9CEB8-8B4A-11D0-8D11-00A0C91BC942}") = "auto_02", "auto_02\auto_02.vcxproj", "{D832FD3D-8806-4127-A6E2-26BD5081169B}"
EndProject
Project("{8BC9CEB8-8B4A-11D0-8D11-00A0C91BC942}") = "lambda_01", "lambda_01\lambda_01.vcxproj", "{4B9507D7-A928-484C-8F5C-82D0EE3547BC}"
EndProject
Project("{8BC9CEB8-8B4A-11D0-8D11-00A0C91BC942}") = "lambda_02", "lambda_02\lambda_02.vcxproj", "{C4172EDA-C996-457A-9874-BC0A30439CAB}"
EndProject
Project("{8BC9CEB8-8B4A-11D0-8D11-00A0C91BC942}") = "lambda_03", "lambda_03\lambda_03.vcxproj", "{2E495434-DF63-4960-B8C2-44B649A85C74}"
EndProject
Project("{8BC9CEB8-8B4A-11D0-8D11-00A0C91BC942}") = "lambda_04", "lambda_04\lambda_04.vcxproj", "{685FAB30-7178-47B1-8A84-6EE2776B6A60}"
EndProject
Project("{8BC9CEB8-8B4A-11D0-8D11-00A0C91BC942}") = "lambda_05", "lambda_05\lambda_05.vcxproj", "{2633D99E-96BB-4C91-865A-9A3C364CD8E8}"
EndProject
Project("{8BC9CEB8-8B4A-11D0-8D11-00A0C91BC942}") = "range_01", "range_01\range_01.vcxproj", "{FC57B8EA-5EF3-4459-8880-F275F9A2664A}"
EndProject
Project("{8BC9CEB8-8B4A-11D0-8D11-00A0C91BC942}") = "range_02", "range_02\range_02.vcxproj", "{81E0338D-C054-4F38-AFD5-0A7DFD07F3DD}"
EndProject
Project("{8BC9CEB8-8B4A-11D0-8D11-00A0C91BC942}") = "range_03", "range_03\range_03.vcxproj", "{C5D7F6F7-0E9D-44CA-B1F0-19C31C95FF0A}"
EndProject
Project("{8BC9CEB8-8B4A-11D0-8D11-00A0C91BC942}") = "enum_01", "enum_01\enum_01.vcxproj", "{300546FF-E17B-487F-8099-D382D3F320EC}"
EndProject
Project("{8BC9CEB8-8B4A-11D0-8D11-00A0C91BC942}") = "nullptr_01", "nullptr_01\nullptr_01.vcxproj", "{489EB8DD-2A2F-4F9E-8702-BD4CCD4E045B}"
EndProject
Project("{8BC9CEB8-8B4A-11D0-8D11-00A0C91BC942}") = "tuple_06", "tuple_06\tuple_06.vcxproj", "{19948A70-3E76-446B-B623-7DBA1225B024}"
EndProject
Project("{8BC9CEB8-8B4A-11D0-8D11-00A0C91BC942}") = "string_01", "string_01\string_01.vcxproj", "{2601ABD0-4E82-4889-A239-1BE15B6CF68D}"
EndProject
Project("{8BC9CEB8-8B4A-11D0-8D11-00A0C91BC942}") = "string_02", "string_02\string_02.vcxproj", "{898EE91F-AFC0-4191-8767-AA55DFD40ACD}"
EndProject
Project("{8BC9CEB8-8B4A-11D0-8D11-00A0C91BC942}") = "string_03", "string_03\string_03.vcxproj", "{6073B1DE-0223-46D2-A798-110558E23373}"
EndProject
Project("{8BC9CEB8-8B4A-11D0-8D11-00A0C91BC942}") = "string_04", "string_04\string_04.vcxproj", "{238DA1FF-E070-42FA-ABF4-77EE6465DDFB}"
EndProject
Project("{8BC9CEB8-8B4A-11D0-8D11-00A0C91BC942}") = "string_05", "string_05\string_05.vcxproj", "{4AAD6BAC-7636-437C-810F-3C77A8E4899F}"
EndProject
Project("{2150E333-8FDC-42A3-9474-1A3956D46DE8}") = "array", "array", "{40EB0252-ACF3-4156-9EE2-73DD7E938928}"
EndProject
Project("{2150E333-8FDC-42A3-9474-1A3956D46DE8}") = "atomic", "atomic", "{64C08740-B754-470F-BA9C-46AC11C8A630}"
EndProject
Project("{2150E333-8FDC-42A3-9474-1A3956D46DE8}") = "c++11", "c++11", "{C75E37C8-D466-4DF3-BB68-93933960B6C8}"
EndProject
Project("{2150E333-8FDC-42A3-9474-1A3956D46DE8}") = "chrono", "chrono", "{13687FE1-AEE2-4E21-ACA1-BD218CF85781}"
EndProject
Project("{2150E333-8FDC-42A3-9474-1A3956D46DE8}") = "forward_list", "forward_list", "{7F5935B5-6FA0-423A-97FF-9A2E537082AB}"
EndProject
Project("{2150E333-8FDC-42A3-9474-1A3956D46DE8}") = "mutex", "mutex", "{9C075811-711A-4016-9640-2F132102EE31}"
EndProject
Project("{2150E333-8FDC-42A3-9474-1A3956D46DE8}") = "memory", "memory", "{E3695317-BE6B-4FC2-9F7A-02D5557B0B28}"
EndProject
Project("{2150E333-8FDC-42A3-9474-1A3956D46DE8}") = "thread", "thread", "{A3E101AE-F15F-4F9F-9221-4DD2A4E7F709}"
EndProject
Project("{2150E333-8FDC-42A3-9474-1A3956D46DE8}") = "tuple", "tuple", "{1214E175-DF23-4427-9808-E3923EC2F283}"
EndProject
Project("{2150E333-8FDC-42A3-9474-1A3956D46DE8}") = "unordered_map", "unordered_map", "{4A9934F2-83B1-4B45-8AEC-645CF688DDBA}"
EndProject
Project("{8BC9CEB8-8B4A-11D0-8D11-00A0C91BC942}") = "string_06", "string_06\string_06.vcxproj", "{6635B216-8906-46F2-88F3-B1864C270987}"
EndProject
Project("{8BC9CEB8-8B4A-11D0-8D11-00A0C91BC942}") = "string_07", "string_07\string_07.vcxproj", "{02605660-8BEE-4FB8-A166-621036F5C06E}"
EndProject
Project("{8BC9CEB8-8B4A-11D0-8D11-00A0C91BC942}") = "string_08", "string_08\string_08.vcxproj", "{CD72EBA5-9ADB-4E4B-B584-7597D768C16F}"
EndProject
Project("{8BC9CEB8-8B4A-11D0-8D11-00A0C91BC942}") = "string_09", "string_09\string_09.vcxproj", "{38E0BEEA-997A-48E3-9B22-8123875EE013}"
EndProject
Project("{8BC9CEB8-8B4A-11D0-8D11-00A0C91BC942}") = "string_10", "string_10\string_10.vcxproj", "{4915875D-7FA2-4780-9757-F4BB76379253}"
EndProject
Project("{2150E333-8FDC-42A3-9474-1A3956D46DE8}") = "string", "string", "{70335365-EB44-4BF6-9C15-27A7021486FD}"
EndProject
Project("{8BC9CEB8-8B4A-11D0-8D11-00A0C91BC942}") = "random_01", "random_01\random_01.vcxproj", "{DC741C08-43B9-466D-B35D-38FDCCE2F7AB}"
EndProject
Project("{8BC9CEB8-8B4A-11D0-8D11-00A0C91BC942}") = "random_02", "random_02\random_02.vcxproj", "{D3812328-B249-4291-9861-27B159C2780E}"
EndProject
Project("{8BC9CEB8-8B4A-11D0-8D11-00A0C91BC942}") = "random_03", "random_03\random_03.vcxproj", "{0AF3B593-4617-47B2-B597-7B56E5B1763D}"
EndProject
Project("{8BC9CEB8-8B4A-11D0-8D11-00A0C91BC942}") = "random_04", "random_04\random_04.vcxproj", "{64D039E4-6DC0-4BDE-87CD-85E858364BCC}"
EndProject
Project("{8BC9CEB8-8B4A-11D0-8D11-00A0C91BC942}") = "random_05", "random_05\random_05.vcxproj", "{312E0496-500F-45F8-A925-720B1CEB4872}"
EndProject
Project("{8BC9CEB8-8B4A-11D0-8D11-00A0C91BC942}") = "random_06", "random_06\random_06.vcxproj", "{4164BE8D-6401-4FC8-BB6E-2F9CAA3ED948}"
EndProject
Project("{8BC9CEB8-8B4A-11D0-8D11-00A0C91BC942}") = "random_07", "random_07\random_07.vcxproj", "{06DAA64B-930A-4EF4-8DD7-1AAFF5C4A228}"
EndProject
Project("{2150E333-8FDC-42A3-9474-1A3956D46DE8}") = "random", "random", "{0ACCBBD4-0288-494D-B5B6-04C5D221E637}"
EndProject
Global
	GlobalSection(SolutionConfigurationPlatforms) = preSolution
		Debug|Any CPU = Debug|Any CPU
		Debug|Mixed Platforms = Debug|Mixed Platforms
		Debug|Win32 = Debug|Win32
		Release|Any CPU = Release|Any CPU
		Release|Mixed Platforms = Release|Mixed Platforms
		Release|Win32 = Release|Win32
	EndGlobalSection
	GlobalSection(ProjectConfigurationPlatforms) = postSolution
		{8E3812E9-DB85-4261-9F6D-EED59D308D84}.Debug|Any CPU.ActiveCfg = Debug|Win32
		{8E3812E9-DB85-4261-9F6D-EED59D308D84}.Debug|Mixed Platforms.ActiveCfg = Debug|Win32
		{8E3812E9-DB85-4261-9F6D-EED59D308D84}.Debug|Mixed Platforms.Build.0 = Debug|Win32
		{8E3812E9-DB85-4261-9F6D-EED59D308D84}.Debug|Win32.ActiveCfg = Debug|Win32
		{8E3812E9-DB85-4261-9F6D-EED59D308D84}.Debug|Win32.Build.0 = Debug|Win32
		{8E3812E9-DB85-4261-9F6D-EED59D308D84}.Release|Any CPU.ActiveCfg = Release|Win32
		{8E3812E9-DB85-4261-9F6D-EED59D308D84}.Release|Mixed Platforms.ActiveCfg = Release|Win32
		{8E3812E9-DB85-4261-9F6D-EED59D308D84}.Release|Mixed Platforms.Build.0 = Release|Win32
		{8E3812E9-DB85-4261-9F6D-EED59D308D84}.Release|Win32.ActiveCfg = Release|Win32
		{8E3812E9-DB85-4261-9F6D-EED59D308D84}.Release|Win32.Build.0 = Release|Win32
		{4D8304AC-5F7A-408B-8A62-D3B27D1A2CF5}.Debug|Any CPU.ActiveCfg = Debug|Win32
		{4D8304AC-5F7A-408B-8A62-D3B27D1A2CF5}.Debug|Mixed Platforms.ActiveCfg = Debug|Win32
		{4D8304AC-5F7A-408B-8A62-D3B27D1A2CF5}.Debug|Mixed Platforms.Build.0 = Debug|Win32
		{4D8304AC-5F7A-408B-8A62-D3B27D1A2CF5}.Debug|Win32.ActiveCfg = Debug|Win32
		{4D8304AC-5F7A-408B-8A62-D3B27D1A2CF5}.Debug|Win32.Build.0 = Debug|Win32
		{4D8304AC-5F7A-408B-8A62-D3B27D1A2CF5}.Release|Any CPU.ActiveCfg = Release|Win32
		{4D8304AC-5F7A-408B-8A62-D3B27D1A2CF5}.Release|Mixed Platforms.ActiveCfg = Release|Win32
		{4D8304AC-5F7A-408B-8A62-D3B27D1A2CF5}.Release|Mixed Platforms.Build.0 = Release|Win32
		{4D8304AC-5F7A-408B-8A62-D3B27D1A2CF5}.Release|Win32.ActiveCfg = Release|Win32
		{4D8304AC-5F7A-408B-8A62-D3B27D1A2CF5}.Release|Win32.Build.0 = Release|Win32
		{92CDD86D-BC71-4969-8612-37E5C4375DF9}.Debug|Any CPU.ActiveCfg = Debug|Win32
		{92CDD86D-BC71-4969-8612-37E5C4375DF9}.Debug|Mixed Platforms.ActiveCfg = Debug|Win32
		{92CDD86D-BC71-4969-8612-37E5C4375DF9}.Debug|Mixed Platforms.Build.0 = Debug|Win32
		{92CDD86D-BC71-4969-8612-37E5C4375DF9}.Debug|Win32.ActiveCfg = Debug|Win32
		{92CDD86D-BC71-4969-8612-37E5C4375DF9}.Debug|Win32.Build.0 = Debug|Win32
		{92CDD86D-BC71-4969-8612-37E5C4375DF9}.Release|Any CPU.ActiveCfg = Release|Win32
		{92CDD86D-BC71-4969-8612-37E5C4375DF9}.Release|Mixed Platforms.ActiveCfg = Release|Win32
		{92CDD86D-BC71-4969-8612-37E5C4375DF9}.Release|Mixed Platforms.Build.0 = Release|Win32
		{92CDD86D-BC71-4969-8612-37E5C4375DF9}.Release|Win32.ActiveCfg = Release|Win32
		{92CDD86D-BC71-4969-8612-37E5C4375DF9}.Release|Win32.Build.0 = Release|Win32
		{CB3F2789-7890-4415-BDFA-0E7FC37A8119}.Debug|Any CPU.ActiveCfg = Debug|Win32
		{CB3F2789-7890-4415-BDFA-0E7FC37A8119}.Debug|Mixed Platforms.ActiveCfg = Debug|Win32
		{CB3F2789-7890-4415-BDFA-0E7FC37A8119}.Debug|Mixed Platforms.Build.0 = Debug|Win32
		{CB3F2789-7890-4415-BDFA-0E7FC37A8119}.Debug|Win32.ActiveCfg = Debug|Win32
		{CB3F2789-7890-4415-BDFA-0E7FC37A8119}.Debug|Win32.Build.0 = Debug|Win32
		{CB3F2789-7890-4415-BDFA-0E7FC37A8119}.Release|Any CPU.ActiveCfg = Release|Win32
		{CB3F2789-7890-4415-BDFA-0E7FC37A8119}.Release|Mixed Platforms.ActiveCfg = Release|Win32
		{CB3F2789-7890-4415-BDFA-0E7FC37A8119}.Release|Mixed Platforms.Build.0 = Release|Win32
		{CB3F2789-7890-4415-BDFA-0E7FC37A8119}.Release|Win32.ActiveCfg = Release|Win32
		{CB3F2789-7890-4415-BDFA-0E7FC37A8119}.Release|Win32.Build.0 = Release|Win32
		{E9F2D2A6-DDDF-46CE-A233-C83CDEC560A7}.Debug|Any CPU.ActiveCfg = Debug|Win32
		{E9F2D2A6-DDDF-46CE-A233-C83CDEC560A7}.Debug|Mixed Platforms.ActiveCfg = Debug|Win32
		{E9F2D2A6-DDDF-46CE-A233-C83CDEC560A7}.Debug|Mixed Platforms.Build.0 = Debug|Win32
		{E9F2D2A6-DDDF-46CE-A233-C83CDEC560A7}.Debug|Win32.ActiveCfg = Debug|Win32
		{E9F2D2A6-DDDF-46CE-A233-C83CDEC560A7}.Debug|Win32.Build.0 = Debug|Win32
		{E9F2D2A6-DDDF-46CE-A233-C83CDEC560A7}.Release|Any CPU.ActiveCfg = Release|Win32
		{E9F2D2A6-DDDF-46CE-A233-C83CDEC560A7}.Release|Mixed Platforms.ActiveCfg = Release|Win32
		{E9F2D2A6-DDDF-46CE-A233-C83CDEC560A7}.Release|Mixed Platforms.Build.0 = Release|Win32
		{E9F2D2A6-DDDF-46CE-A233-C83CDEC560A7}.Release|Win32.ActiveCfg = Release|Win32
		{E9F2D2A6-DDDF-46CE-A233-C83CDEC560A7}.Release|Win32.Build.0 = Release|Win32
		{5D97DFEE-511B-41DC-90C7-606642C918DF}.Debug|Any CPU.ActiveCfg = Debug|Win32
		{5D97DFEE-511B-41DC-90C7-606642C918DF}.Debug|Mixed Platforms.ActiveCfg = Debug|Win32
		{5D97DFEE-511B-41DC-90C7-606642C918DF}.Debug|Mixed Platforms.Build.0 = Debug|Win32
		{5D97DFEE-511B-41DC-90C7-606642C918DF}.Debug|Win32.ActiveCfg = Debug|Win32
		{5D97DFEE-511B-41DC-90C7-606642C918DF}.Debug|Win32.Build.0 = Debug|Win32
		{5D97DFEE-511B-41DC-90C7-606642C918DF}.Release|Any CPU.ActiveCfg = Release|Win32
		{5D97DFEE-511B-41DC-90C7-606642C918DF}.Release|Mixed Platforms.ActiveCfg = Release|Win32
		{5D97DFEE-511B-41DC-90C7-606642C918DF}.Release|Mixed Platforms.Build.0 = Release|Win32
		{5D97DFEE-511B-41DC-90C7-606642C918DF}.Release|Win32.ActiveCfg = Release|Win32
		{5D97DFEE-511B-41DC-90C7-606642C918DF}.Release|Win32.Build.0 = Release|Win32
		{54DF7FD6-BB35-4E10-B21E-EC50707C80FD}.Debug|Any CPU.ActiveCfg = Debug|Win32
		{54DF7FD6-BB35-4E10-B21E-EC50707C80FD}.Debug|Mixed Platforms.ActiveCfg = Debug|Win32
		{54DF7FD6-BB35-4E10-B21E-EC50707C80FD}.Debug|Mixed Platforms.Build.0 = Debug|Win32
		{54DF7FD6-BB35-4E10-B21E-EC50707C80FD}.Debug|Win32.ActiveCfg = Debug|Win32
		{54DF7FD6-BB35-4E10-B21E-EC50707C80FD}.Debug|Win32.Build.0 = Debug|Win32
		{54DF7FD6-BB35-4E10-B21E-EC50707C80FD}.Release|Any CPU.ActiveCfg = Release|Win32
		{54DF7FD6-BB35-4E10-B21E-EC50707C80FD}.Release|Mixed Platforms.ActiveCfg = Release|Win32
		{54DF7FD6-BB35-4E10-B21E-EC50707C80FD}.Release|Mixed Platforms.Build.0 = Release|Win32
		{54DF7FD6-BB35-4E10-B21E-EC50707C80FD}.Release|Win32.ActiveCfg = Release|Win32
		{54DF7FD6-BB35-4E10-B21E-EC50707C80FD}.Release|Win32.Build.0 = Release|Win32
		{43827D56-D117-432F-896C-7597715350B3}.Debug|Any CPU.ActiveCfg = Debug|Win32
		{43827D56-D117-432F-896C-7597715350B3}.Debug|Mixed Platforms.ActiveCfg = Debug|Win32
		{43827D56-D117-432F-896C-7597715350B3}.Debug|Mixed Platforms.Build.0 = Debug|Win32
		{43827D56-D117-432F-896C-7597715350B3}.Debug|Win32.ActiveCfg = Debug|Win32
		{43827D56-D117-432F-896C-7597715350B3}.Debug|Win32.Build.0 = Debug|Win32
		{43827D56-D117-432F-896C-7597715350B3}.Release|Any CPU.ActiveCfg = Release|Win32
		{43827D56-D117-432F-896C-7597715350B3}.Release|Mixed Platforms.ActiveCfg = Release|Win32
		{43827D56-D117-432F-896C-7597715350B3}.Release|Mixed Platforms.Build.0 = Release|Win32
		{43827D56-D117-432F-896C-7597715350B3}.Release|Win32.ActiveCfg = Release|Win32
		{43827D56-D117-432F-896C-7597715350B3}.Release|Win32.Build.0 = Release|Win32
		{C5F0154E-4F83-4325-89E9-A9BEB542C57C}.Debug|Any CPU.ActiveCfg = Debug|Win32
		{C5F0154E-4F83-4325-89E9-A9BEB542C57C}.Debug|Mixed Platforms.ActiveCfg = Debug|Win32
		{C5F0154E-4F83-4325-89E9-A9BEB542C57C}.Debug|Mixed Platforms.Build.0 = Debug|Win32
		{C5F0154E-4F83-4325-89E9-A9BEB542C57C}.Debug|Win32.ActiveCfg = Debug|Win32
		{C5F0154E-4F83-4325-89E9-A9BEB542C57C}.Debug|Win32.Build.0 = Debug|Win32
		{C5F0154E-4F83-4325-89E9-A9BEB542C57C}.Release|Any CPU.ActiveCfg = Release|Win32
		{C5F0154E-4F83-4325-89E9-A9BEB542C57C}.Release|Mixed Platforms.ActiveCfg = Release|Win32
		{C5F0154E-4F83-4325-89E9-A9BEB542C57C}.Release|Mixed Platforms.Build.0 = Release|Win32
		{C5F0154E-4F83-4325-89E9-A9BEB542C57C}.Release|Win32.ActiveCfg = Release|Win32
		{C5F0154E-4F83-4325-89E9-A9BEB542C57C}.Release|Win32.Build.0 = Release|Win32
		{17269E72-F981-48BA-A9C4-592B5D46B3A6}.Debug|Any CPU.ActiveCfg = Debug|Win32
		{17269E72-F981-48BA-A9C4-592B5D46B3A6}.Debug|Mixed Platforms.ActiveCfg = Debug|Win32
		{17269E72-F981-48BA-A9C4-592B5D46B3A6}.Debug|Mixed Platforms.Build.0 = Debug|Win32
		{17269E72-F981-48BA-A9C4-592B5D46B3A6}.Debug|Win32.ActiveCfg = Debug|Win32
		{17269E72-F981-48BA-A9C4-592B5D46B3A6}.Debug|Win32.Build.0 = Debug|Win32
		{17269E72-F981-48BA-A9C4-592B5D46B3A6}.Release|Any CPU.ActiveCfg = Release|Win32
		{17269E72-F981-48BA-A9C4-592B5D46B3A6}.Release|Mixed Platforms.ActiveCfg = Release|Win32
		{17269E72-F981-48BA-A9C4-592B5D46B3A6}.Release|Mixed Platforms.Build.0 = Release|Win32
		{17269E72-F981-48BA-A9C4-592B5D46B3A6}.Release|Win32.ActiveCfg = Release|Win32
		{17269E72-F981-48BA-A9C4-592B5D46B3A6}.Release|Win32.Build.0 = Release|Win32
		{E7B37F51-29F2-420C-BB62-8AB49A96F668}.Debug|Any CPU.ActiveCfg = Debug|Win32
		{E7B37F51-29F2-420C-BB62-8AB49A96F668}.Debug|Mixed Platforms.ActiveCfg = Debug|Win32
		{E7B37F51-29F2-420C-BB62-8AB49A96F668}.Debug|Mixed Platforms.Build.0 = Debug|Win32
		{E7B37F51-29F2-420C-BB62-8AB49A96F668}.Debug|Win32.ActiveCfg = Debug|Win32
		{E7B37F51-29F2-420C-BB62-8AB49A96F668}.Debug|Win32.Build.0 = Debug|Win32
		{E7B37F51-29F2-420C-BB62-8AB49A96F668}.Release|Any CPU.ActiveCfg = Release|Win32
		{E7B37F51-29F2-420C-BB62-8AB49A96F668}.Release|Mixed Platforms.ActiveCfg = Release|Win32
		{E7B37F51-29F2-420C-BB62-8AB49A96F668}.Release|Mixed Platforms.Build.0 = Release|Win32
		{E7B37F51-29F2-420C-BB62-8AB49A96F668}.Release|Win32.ActiveCfg = Release|Win32
		{E7B37F51-29F2-420C-BB62-8AB49A96F668}.Release|Win32.Build.0 = Release|Win32
		{93403D5A-370F-489E-9DB0-F5EC0952FA82}.Debug|Any CPU.ActiveCfg = Debug|Win32
		{93403D5A-370F-489E-9DB0-F5EC0952FA82}.Debug|Mixed Platforms.ActiveCfg = Debug|Win32
		{93403D5A-370F-489E-9DB0-F5EC0952FA82}.Debug|Mixed Platforms.Build.0 = Debug|Win32
		{93403D5A-370F-489E-9DB0-F5EC0952FA82}.Debug|Win32.ActiveCfg = Debug|Win32
		{93403D5A-370F-489E-9DB0-F5EC0952FA82}.Debug|Win32.Build.0 = Debug|Win32
		{93403D5A-370F-489E-9DB0-F5EC0952FA82}.Release|Any CPU.ActiveCfg = Release|Win32
		{93403D5A-370F-489E-9DB0-F5EC0952FA82}.Release|Mixed Platforms.ActiveCfg = Release|Win32
		{93403D5A-370F-489E-9DB0-F5EC0952FA82}.Release|Mixed Platforms.Build.0 = Release|Win32
		{93403D5A-370F-489E-9DB0-F5EC0952FA82}.Release|Win32.ActiveCfg = Release|Win32
		{93403D5A-370F-489E-9DB0-F5EC0952FA82}.Release|Win32.Build.0 = Release|Win32
		{F6D09A0F-90A9-472B-A1F1-6A96178FBECB}.Debug|Any CPU.ActiveCfg = Debug|Win32
		{F6D09A0F-90A9-472B-A1F1-6A96178FBECB}.Debug|Mixed Platforms.ActiveCfg = Debug|Win32
		{F6D09A0F-90A9-472B-A1F1-6A96178FBECB}.Debug|Mixed Platforms.Build.0 = Debug|Win32
		{F6D09A0F-90A9-472B-A1F1-6A96178FBECB}.Debug|Win32.ActiveCfg = Debug|Win32
		{F6D09A0F-90A9-472B-A1F1-6A96178FBECB}.Debug|Win32.Build.0 = Debug|Win32
		{F6D09A0F-90A9-472B-A1F1-6A96178FBECB}.Release|Any CPU.ActiveCfg = Release|Win32
		{F6D09A0F-90A9-472B-A1F1-6A96178FBECB}.Release|Mixed Platforms.ActiveCfg = Release|Win32
		{F6D09A0F-90A9-472B-A1F1-6A96178FBECB}.Release|Mixed Platforms.Build.0 = Release|Win32
		{F6D09A0F-90A9-472B-A1F1-6A96178FBECB}.Release|Win32.ActiveCfg = Release|Win32
		{F6D09A0F-90A9-472B-A1F1-6A96178FBECB}.Release|Win32.Build.0 = Release|Win32
		{C8A23204-225E-42B9-85C2-2FEACD9BEF52}.Debug|Any CPU.ActiveCfg = Debug|Win32
		{C8A23204-225E-42B9-85C2-2FEACD9BEF52}.Debug|Mixed Platforms.ActiveCfg = Debug|Win32
		{C8A23204-225E-42B9-85C2-2FEACD9BEF52}.Debug|Mixed Platforms.Build.0 = Debug|Win32
		{C8A23204-225E-42B9-85C2-2FEACD9BEF52}.Debug|Win32.ActiveCfg = Debug|Win32
		{C8A23204-225E-42B9-85C2-2FEACD9BEF52}.Debug|Win32.Build.0 = Debug|Win32
		{C8A23204-225E-42B9-85C2-2FEACD9BEF52}.Release|Any CPU.ActiveCfg = Release|Win32
		{C8A23204-225E-42B9-85C2-2FEACD9BEF52}.Release|Mixed Platforms.ActiveCfg = Release|Win32
		{C8A23204-225E-42B9-85C2-2FEACD9BEF52}.Release|Mixed Platforms.Build.0 = Release|Win32
		{C8A23204-225E-42B9-85C2-2FEACD9BEF52}.Release|Win32.ActiveCfg = Release|Win32
		{C8A23204-225E-42B9-85C2-2FEACD9BEF52}.Release|Win32.Build.0 = Release|Win32
		{6A58ECE9-7CED-4ECD-BB2D-99454886381C}.Debug|Any CPU.ActiveCfg = Debug|Win32
		{6A58ECE9-7CED-4ECD-BB2D-99454886381C}.Debug|Mixed Platforms.ActiveCfg = Debug|Win32
		{6A58ECE9-7CED-4ECD-BB2D-99454886381C}.Debug|Mixed Platforms.Build.0 = Debug|Win32
		{6A58ECE9-7CED-4ECD-BB2D-99454886381C}.Debug|Win32.ActiveCfg = Debug|Win32
		{6A58ECE9-7CED-4ECD-BB2D-99454886381C}.Debug|Win32.Build.0 = Debug|Win32
		{6A58ECE9-7CED-4ECD-BB2D-99454886381C}.Release|Any CPU.ActiveCfg = Release|Win32
		{6A58ECE9-7CED-4ECD-BB2D-99454886381C}.Release|Mixed Platforms.ActiveCfg = Release|Win32
		{6A58ECE9-7CED-4ECD-BB2D-99454886381C}.Release|Mixed Platforms.Build.0 = Release|Win32
		{6A58ECE9-7CED-4ECD-BB2D-99454886381C}.Release|Win32.ActiveCfg = Release|Win32
		{6A58ECE9-7CED-4ECD-BB2D-99454886381C}.Release|Win32.Build.0 = Release|Win32
		{3C5998BF-D1FF-4EB7-B064-92919ABC0F05}.Debug|Any CPU.ActiveCfg = Debug|Win32
		{3C5998BF-D1FF-4EB7-B064-92919ABC0F05}.Debug|Mixed Platforms.ActiveCfg = Debug|Win32
		{3C5998BF-D1FF-4EB7-B064-92919ABC0F05}.Debug|Mixed Platforms.Build.0 = Debug|Win32
		{3C5998BF-D1FF-4EB7-B064-92919ABC0F05}.Debug|Win32.ActiveCfg = Debug|Win32
		{3C5998BF-D1FF-4EB7-B064-92919ABC0F05}.Debug|Win32.Build.0 = Debug|Win32
		{3C5998BF-D1FF-4EB7-B064-92919ABC0F05}.Release|Any CPU.ActiveCfg = Release|Win32
		{3C5998BF-D1FF-4EB7-B064-92919ABC0F05}.Release|Mixed Platforms.ActiveCfg = Release|Win32
		{3C5998BF-D1FF-4EB7-B064-92919ABC0F05}.Release|Mixed Platforms.Build.0 = Release|Win32
		{3C5998BF-D1FF-4EB7-B064-92919ABC0F05}.Release|Win32.ActiveCfg = Release|Win32
		{3C5998BF-D1FF-4EB7-B064-92919ABC0F05}.Release|Win32.Build.0 = Release|Win32
		{8E1140C5-60E5-4A40-A908-6A9F2F6E7C1D}.Debug|Any CPU.ActiveCfg = Debug|Win32
		{8E1140C5-60E5-4A40-A908-6A9F2F6E7C1D}.Debug|Mixed Platforms.ActiveCfg = Debug|Win32
		{8E1140C5-60E5-4A40-A908-6A9F2F6E7C1D}.Debug|Mixed Platforms.Build.0 = Debug|Win32
		{8E1140C5-60E5-4A40-A908-6A9F2F6E7C1D}.Debug|Win32.ActiveCfg = Debug|Win32
		{8E1140C5-60E5-4A40-A908-6A9F2F6E7C1D}.Debug|Win32.Build.0 = Debug|Win32
		{8E1140C5-60E5-4A40-A908-6A9F2F6E7C1D}.Release|Any CPU.ActiveCfg = Release|Win32
		{8E1140C5-60E5-4A40-A908-6A9F2F6E7C1D}.Release|Mixed Platforms.ActiveCfg = Release|Win32
		{8E1140C5-60E5-4A40-A908-6A9F2F6E7C1D}.Release|Mixed Platforms.Build.0 = Release|Win32
		{8E1140C5-60E5-4A40-A908-6A9F2F6E7C1D}.Release|Win32.ActiveCfg = Release|Win32
		{8E1140C5-60E5-4A40-A908-6A9F2F6E7C1D}.Release|Win32.Build.0 = Release|Win32
		{B7045159-96C1-453B-9AEA-2486697EE68A}.Debug|Any CPU.ActiveCfg = Debug|Win32
		{B7045159-96C1-453B-9AEA-2486697EE68A}.Debug|Mixed Platforms.ActiveCfg = Debug|Win32
		{B7045159-96C1-453B-9AEA-2486697EE68A}.Debug|Mixed Platforms.Build.0 = Debug|Win32
		{B7045159-96C1-453B-9AEA-2486697EE68A}.Debug|Win32.ActiveCfg = Debug|Win32
		{B7045159-96C1-453B-9AEA-2486697EE68A}.Debug|Win32.Build.0 = Debug|Win32
		{B7045159-96C1-453B-9AEA-2486697EE68A}.Release|Any CPU.ActiveCfg = Release|Win32
		{B7045159-96C1-453B-9AEA-2486697EE68A}.Release|Mixed Platforms.ActiveCfg = Release|Win32
		{B7045159-96C1-453B-9AEA-2486697EE68A}.Release|Mixed Platforms.Build.0 = Release|Win32
		{B7045159-96C1-453B-9AEA-2486697EE68A}.Release|Win32.ActiveCfg = Release|Win32
		{B7045159-96C1-453B-9AEA-2486697EE68A}.Release|Win32.Build.0 = Release|Win32
		{6BFE791F-118D-4DD4-9B51-D2CCDEBE269B}.Debug|Any CPU.ActiveCfg = Debug|Win32
		{6BFE791F-118D-4DD4-9B51-D2CCDEBE269B}.Debug|Mixed Platforms.ActiveCfg = Debug|Win32
		{6BFE791F-118D-4DD4-9B51-D2CCDEBE269B}.Debug|Mixed Platforms.Build.0 = Debug|Win32
		{6BFE791F-118D-4DD4-9B51-D2CCDEBE269B}.Debug|Win32.ActiveCfg = Debug|Win32
		{6BFE791F-118D-4DD4-9B51-D2CCDEBE269B}.Debug|Win32.Build.0 = Debug|Win32
		{6BFE791F-118D-4DD4-9B51-D2CCDEBE269B}.Release|Any CPU.ActiveCfg = Release|Win32
		{6BFE791F-118D-4DD4-9B51-D2CCDEBE269B}.Release|Mixed Platforms.ActiveCfg = Release|Win32
		{6BFE791F-118D-4DD4-9B51-D2CCDEBE269B}.Release|Mixed Platforms.Build.0 = Release|Win32
		{6BFE791F-118D-4DD4-9B51-D2CCDEBE269B}.Release|Win32.ActiveCfg = Release|Win32
		{6BFE791F-118D-4DD4-9B51-D2CCDEBE269B}.Release|Win32.Build.0 = Release|Win32
		{91F83A14-2C94-4A18-BE21-4EECB2C4FED5}.Debug|Any CPU.ActiveCfg = Debug|Win32
		{91F83A14-2C94-4A18-BE21-4EECB2C4FED5}.Debug|Mixed Platforms.ActiveCfg = Debug|Win32
		{91F83A14-2C94-4A18-BE21-4EECB2C4FED5}.Debug|Mixed Platforms.Build.0 = Debug|Win32
		{91F83A14-2C94-4A18-BE21-4EECB2C4FED5}.Debug|Win32.ActiveCfg = Debug|Win32
		{91F83A14-2C94-4A18-BE21-4EECB2C4FED5}.Debug|Win32.Build.0 = Debug|Win32
		{91F83A14-2C94-4A18-BE21-4EECB2C4FED5}.Release|Any CPU.ActiveCfg = Release|Win32
		{91F83A14-2C94-4A18-BE21-4EECB2C4FED5}.Release|Mixed Platforms.ActiveCfg = Release|Win32
		{91F83A14-2C94-4A18-BE21-4EECB2C4FED5}.Release|Mixed Platforms.Build.0 = Release|Win32
		{91F83A14-2C94-4A18-BE21-4EECB2C4FED5}.Release|Win32.ActiveCfg = Release|Win32
		{91F83A14-2C94-4A18-BE21-4EECB2C4FED5}.Release|Win32.Build.0 = Release|Win32
		{055F9ED3-A239-4C1A-AE98-F4582E6DFD70}.Debug|Any CPU.ActiveCfg = Debug|Win32
		{055F9ED3-A239-4C1A-AE98-F4582E6DFD70}.Debug|Mixed Platforms.ActiveCfg = Debug|Win32
		{055F9ED3-A239-4C1A-AE98-F4582E6DFD70}.Debug|Mixed Platforms.Build.0 = Debug|Win32
		{055F9ED3-A239-4C1A-AE98-F4582E6DFD70}.Debug|Win32.ActiveCfg = Debug|Win32
		{055F9ED3-A239-4C1A-AE98-F4582E6DFD70}.Debug|Win32.Build.0 = Debug|Win32
		{055F9ED3-A239-4C1A-AE98-F4582E6DFD70}.Release|Any CPU.ActiveCfg = Release|Win32
		{055F9ED3-A239-4C1A-AE98-F4582E6DFD70}.Release|Mixed Platforms.ActiveCfg = Release|Win32
		{055F9ED3-A239-4C1A-AE98-F4582E6DFD70}.Release|Mixed Platforms.Build.0 = Release|Win32
		{055F9ED3-A239-4C1A-AE98-F4582E6DFD70}.Release|Win32.ActiveCfg = Release|Win32
		{055F9ED3-A239-4C1A-AE98-F4582E6DFD70}.Release|Win32.Build.0 = Release|Win32
		{FA21F038-2BE1-43CC-9C69-59EB9D468258}.Debug|Any CPU.ActiveCfg = Debug|Win32
		{FA21F038-2BE1-43CC-9C69-59EB9D468258}.Debug|Mixed Platforms.ActiveCfg = Debug|Win32
		{FA21F038-2BE1-43CC-9C69-59EB9D468258}.Debug|Mixed Platforms.Build.0 = Debug|Win32
		{FA21F038-2BE1-43CC-9C69-59EB9D468258}.Debug|Win32.ActiveCfg = Debug|Win32
		{FA21F038-2BE1-43CC-9C69-59EB9D468258}.Debug|Win32.Build.0 = Debug|Win32
		{FA21F038-2BE1-43CC-9C69-59EB9D468258}.Release|Any CPU.ActiveCfg = Release|Win32
		{FA21F038-2BE1-43CC-9C69-59EB9D468258}.Release|Mixed Platforms.ActiveCfg = Release|Win32
		{FA21F038-2BE1-43CC-9C69-59EB9D468258}.Release|Mixed Platforms.Build.0 = Release|Win32
		{FA21F038-2BE1-43CC-9C69-59EB9D468258}.Release|Win32.ActiveCfg = Release|Win32
		{FA21F038-2BE1-43CC-9C69-59EB9D468258}.Release|Win32.Build.0 = Release|Win32
		{9D72C3BA-7131-4594-B0FD-AB676D1864EF}.Debug|Any CPU.ActiveCfg = Debug|Win32
		{9D72C3BA-7131-4594-B0FD-AB676D1864EF}.Debug|Mixed Platforms.ActiveCfg = Debug|Win32
		{9D72C3BA-7131-4594-B0FD-AB676D1864EF}.Debug|Mixed Platforms.Build.0 = Debug|Win32
		{9D72C3BA-7131-4594-B0FD-AB676D1864EF}.Debug|Win32.ActiveCfg = Debug|Win32
		{9D72C3BA-7131-4594-B0FD-AB676D1864EF}.Debug|Win32.Build.0 = Debug|Win32
		{9D72C3BA-7131-4594-B0FD-AB676D1864EF}.Release|Any CPU.ActiveCfg = Release|Win32
		{9D72C3BA-7131-4594-B0FD-AB676D1864EF}.Release|Mixed Platforms.ActiveCfg = Release|Win32
		{9D72C3BA-7131-4594-B0FD-AB676D1864EF}.Release|Mixed Platforms.Build.0 = Release|Win32
		{9D72C3BA-7131-4594-B0FD-AB676D1864EF}.Release|Win32.ActiveCfg = Release|Win32
		{9D72C3BA-7131-4594-B0FD-AB676D1864EF}.Release|Win32.Build.0 = Release|Win32
		{6E152487-DE2A-4D94-A06C-D0C9FDE16622}.Debug|Any CPU.ActiveCfg = Debug|Win32
		{6E152487-DE2A-4D94-A06C-D0C9FDE16622}.Debug|Mixed Platforms.ActiveCfg = Debug|Win32
		{6E152487-DE2A-4D94-A06C-D0C9FDE16622}.Debug|Mixed Platforms.Build.0 = Debug|Win32
		{6E152487-DE2A-4D94-A06C-D0C9FDE16622}.Debug|Win32.ActiveCfg = Debug|Win32
		{6E152487-DE2A-4D94-A06C-D0C9FDE16622}.Debug|Win32.Build.0 = Debug|Win32
		{6E152487-DE2A-4D94-A06C-D0C9FDE16622}.Release|Any CPU.ActiveCfg = Release|Win32
		{6E152487-DE2A-4D94-A06C-D0C9FDE16622}.Release|Mixed Platforms.ActiveCfg = Release|Win32
		{6E152487-DE2A-4D94-A06C-D0C9FDE16622}.Release|Mixed Platforms.Build.0 = Release|Win32
		{6E152487-DE2A-4D94-A06C-D0C9FDE16622}.Release|Win32.ActiveCfg = Release|Win32
		{6E152487-DE2A-4D94-A06C-D0C9FDE16622}.Release|Win32.Build.0 = Release|Win32
		{1628A27E-D46C-4710-AFC2-9DCF8CB759C3}.Debug|Any CPU.ActiveCfg = Debug|Win32
		{1628A27E-D46C-4710-AFC2-9DCF8CB759C3}.Debug|Mixed Platforms.ActiveCfg = Debug|Win32
		{1628A27E-D46C-4710-AFC2-9DCF8CB759C3}.Debug|Mixed Platforms.Build.0 = Debug|Win32
		{1628A27E-D46C-4710-AFC2-9DCF8CB759C3}.Debug|Win32.ActiveCfg = Debug|Win32
		{1628A27E-D46C-4710-AFC2-9DCF8CB759C3}.Debug|Win32.Build.0 = Debug|Win32
		{1628A27E-D46C-4710-AFC2-9DCF8CB759C3}.Release|Any CPU.ActiveCfg = Release|Win32
		{1628A27E-D46C-4710-AFC2-9DCF8CB759C3}.Release|Mixed Platforms.ActiveCfg = Release|Win32
		{1628A27E-D46C-4710-AFC2-9DCF8CB759C3}.Release|Mixed Platforms.Build.0 = Release|Win32
		{1628A27E-D46C-4710-AFC2-9DCF8CB759C3}.Release|Win32.ActiveCfg = Release|Win32
		{1628A27E-D46C-4710-AFC2-9DCF8CB759C3}.Release|Win32.Build.0 = Release|Win32
		{49A0B602-7630-4CAC-A728-0A5C94B943DA}.Debug|Any CPU.ActiveCfg = Debug|Win32
		{49A0B602-7630-4CAC-A728-0A5C94B943DA}.Debug|Mixed Platforms.ActiveCfg = Debug|Win32
		{49A0B602-7630-4CAC-A728-0A5C94B943DA}.Debug|Mixed Platforms.Build.0 = Debug|Win32
		{49A0B602-7630-4CAC-A728-0A5C94B943DA}.Debug|Win32.ActiveCfg = Debug|Win32
		{49A0B602-7630-4CAC-A728-0A5C94B943DA}.Debug|Win32.Build.0 = Debug|Win32
		{49A0B602-7630-4CAC-A728-0A5C94B943DA}.Release|Any CPU.ActiveCfg = Release|Win32
		{49A0B602-7630-4CAC-A728-0A5C94B943DA}.Release|Mixed Platforms.ActiveCfg = Release|Win32
		{49A0B602-7630-4CAC-A728-0A5C94B943DA}.Release|Mixed Platforms.Build.0 = Release|Win32
		{49A0B602-7630-4CAC-A728-0A5C94B943DA}.Release|Win32.ActiveCfg = Release|Win32
		{49A0B602-7630-4CAC-A728-0A5C94B943DA}.Release|Win32.Build.0 = Release|Win32
		{F1E7EF8E-78D1-4D9E-90F0-8C1A94E1C0C0}.Debug|Any CPU.ActiveCfg = Debug|Win32
		{F1E7EF8E-78D1-4D9E-90F0-8C1A94E1C0C0}.Debug|Mixed Platforms.ActiveCfg = Debug|Win32
		{F1E7EF8E-78D1-4D9E-90F0-8C1A94E1C0C0}.Debug|Mixed Platforms.Build.0 = Debug|Win32
		{F1E7EF8E-78D1-4D9E-90F0-8C1A94E1C0C0}.Debug|Win32.ActiveCfg = Debug|Win32
		{F1E7EF8E-78D1-4D9E-90F0-8C1A94E1C0C0}.Debug|Win32.Build.0 = Debug|Win32
		{F1E7EF8E-78D1-4D9E-90F0-8C1A94E1C0C0}.Release|Any CPU.ActiveCfg = Release|Win32
		{F1E7EF8E-78D1-4D9E-90F0-8C1A94E1C0C0}.Release|Mixed Platforms.ActiveCfg = Release|Win32
		{F1E7EF8E-78D1-4D9E-90F0-8C1A94E1C0C0}.Release|Mixed Platforms.Build.0 = Release|Win32
		{F1E7EF8E-78D1-4D9E-90F0-8C1A94E1C0C0}.Release|Win32.ActiveCfg = Release|Win32
		{F1E7EF8E-78D1-4D9E-90F0-8C1A94E1C0C0}.Release|Win32.Build.0 = Release|Win32
		{F210FCB2-C99E-4856-AE82-9959229B2EDC}.Debug|Any CPU.ActiveCfg = Debug|Win32
		{F210FCB2-C99E-4856-AE82-9959229B2EDC}.Debug|Mixed Platforms.ActiveCfg = Debug|Win32
		{F210FCB2-C99E-4856-AE82-9959229B2EDC}.Debug|Mixed Platforms.Build.0 = Debug|Win32
		{F210FCB2-C99E-4856-AE82-9959229B2EDC}.Debug|Win32.ActiveCfg = Debug|Win32
		{F210FCB2-C99E-4856-AE82-9959229B2EDC}.Debug|Win32.Build.0 = Debug|Win32
		{F210FCB2-C99E-4856-AE82-9959229B2EDC}.Release|Any CPU.ActiveCfg = Release|Win32
		{F210FCB2-C99E-4856-AE82-9959229B2EDC}.Release|Mixed Platforms.ActiveCfg = Release|Win32
		{F210FCB2-C99E-4856-AE82-9959229B2EDC}.Release|Mixed Platforms.Build.0 = Release|Win32
		{F210FCB2-C99E-4856-AE82-9959229B2EDC}.Release|Win32.ActiveCfg = Release|Win32
		{F210FCB2-C99E-4856-AE82-9959229B2EDC}.Release|Win32.Build.0 = Release|Win32
		{3E30EA33-89F4-4C4F-BC71-DD944A61BC39}.Debug|Any CPU.ActiveCfg = Debug|Win32
		{3E30EA33-89F4-4C4F-BC71-DD944A61BC39}.Debug|Mixed Platforms.ActiveCfg = Debug|Win32
		{3E30EA33-89F4-4C4F-BC71-DD944A61BC39}.Debug|Mixed Platforms.Build.0 = Debug|Win32
		{3E30EA33-89F4-4C4F-BC71-DD944A61BC39}.Debug|Win32.ActiveCfg = Debug|Win32
		{3E30EA33-89F4-4C4F-BC71-DD944A61BC39}.Debug|Win32.Build.0 = Debug|Win32
		{3E30EA33-89F4-4C4F-BC71-DD944A61BC39}.Release|Any CPU.ActiveCfg = Release|Win32
		{3E30EA33-89F4-4C4F-BC71-DD944A61BC39}.Release|Mixed Platforms.ActiveCfg = Release|Win32
		{3E30EA33-89F4-4C4F-BC71-DD944A61BC39}.Release|Mixed Platforms.Build.0 = Release|Win32
		{3E30EA33-89F4-4C4F-BC71-DD944A61BC39}.Release|Win32.ActiveCfg = Release|Win32
		{3E30EA33-89F4-4C4F-BC71-DD944A61BC39}.Release|Win32.Build.0 = Release|Win32
		{67E6D5A3-7825-4EC0-AC6E-2F8741412041}.Debug|Any CPU.ActiveCfg = Debug|Win32
		{67E6D5A3-7825-4EC0-AC6E-2F8741412041}.Debug|Mixed Platforms.ActiveCfg = Debug|Win32
		{67E6D5A3-7825-4EC0-AC6E-2F8741412041}.Debug|Mixed Platforms.Build.0 = Debug|Win32
		{67E6D5A3-7825-4EC0-AC6E-2F8741412041}.Debug|Win32.ActiveCfg = Debug|Win32
		{67E6D5A3-7825-4EC0-AC6E-2F8741412041}.Debug|Win32.Build.0 = Debug|Win32
		{67E6D5A3-7825-4EC0-AC6E-2F8741412041}.Release|Any CPU.ActiveCfg = Release|Win32
		{67E6D5A3-7825-4EC0-AC6E-2F8741412041}.Release|Mixed Platforms.ActiveCfg = Release|Win32
		{67E6D5A3-7825-4EC0-AC6E-2F8741412041}.Release|Mixed Platforms.Build.0 = Release|Win32
		{67E6D5A3-7825-4EC0-AC6E-2F8741412041}.Release|Win32.ActiveCfg = Release|Win32
		{67E6D5A3-7825-4EC0-AC6E-2F8741412041}.Release|Win32.Build.0 = Release|Win32
		{2D4D0E08-BDDA-46FE-B699-FC79EB9708B6}.Debug|Any CPU.ActiveCfg = Debug|Win32
		{2D4D0E08-BDDA-46FE-B699-FC79EB9708B6}.Debug|Mixed Platforms.ActiveCfg = Debug|Win32
		{2D4D0E08-BDDA-46FE-B699-FC79EB9708B6}.Debug|Mixed Platforms.Build.0 = Debug|Win32
		{2D4D0E08-BDDA-46FE-B699-FC79EB9708B6}.Debug|Win32.ActiveCfg = Debug|Win32
		{2D4D0E08-BDDA-46FE-B699-FC79EB9708B6}.Debug|Win32.Build.0 = Debug|Win32
		{2D4D0E08-BDDA-46FE-B699-FC79EB9708B6}.Release|Any CPU.ActiveCfg = Release|Win32
		{2D4D0E08-BDDA-46FE-B699-FC79EB9708B6}.Release|Mixed Platforms.ActiveCfg = Release|Win32
		{2D4D0E08-BDDA-46FE-B699-FC79EB9708B6}.Release|Mixed Platforms.Build.0 = Release|Win32
		{2D4D0E08-BDDA-46FE-B699-FC79EB9708B6}.Release|Win32.ActiveCfg = Release|Win32
		{2D4D0E08-BDDA-46FE-B699-FC79EB9708B6}.Release|Win32.Build.0 = Release|Win32
		{1E166D09-36F1-4BA2-A5E8-99EBD9CE9FE2}.Debug|Any CPU.ActiveCfg = Debug|Win32
		{1E166D09-36F1-4BA2-A5E8-99EBD9CE9FE2}.Debug|Mixed Platforms.ActiveCfg = Debug|Win32
		{1E166D09-36F1-4BA2-A5E8-99EBD9CE9FE2}.Debug|Mixed Platforms.Build.0 = Debug|Win32
		{1E166D09-36F1-4BA2-A5E8-99EBD9CE9FE2}.Debug|Win32.ActiveCfg = Debug|Win32
		{1E166D09-36F1-4BA2-A5E8-99EBD9CE9FE2}.Debug|Win32.Build.0 = Debug|Win32
		{1E166D09-36F1-4BA2-A5E8-99EBD9CE9FE2}.Release|Any CPU.ActiveCfg = Release|Win32
		{1E166D09-36F1-4BA2-A5E8-99EBD9CE9FE2}.Release|Mixed Platforms.ActiveCfg = Release|Win32
		{1E166D09-36F1-4BA2-A5E8-99EBD9CE9FE2}.Release|Mixed Platforms.Build.0 = Release|Win32
		{1E166D09-36F1-4BA2-A5E8-99EBD9CE9FE2}.Release|Win32.ActiveCfg = Release|Win32
		{1E166D09-36F1-4BA2-A5E8-99EBD9CE9FE2}.Release|Win32.Build.0 = Release|Win32
		{F81EADF7-E0F6-4A81-A72B-E6A778411DC5}.Debug|Any CPU.ActiveCfg = Debug|Win32
		{F81EADF7-E0F6-4A81-A72B-E6A778411DC5}.Debug|Mixed Platforms.ActiveCfg = Debug|Win32
		{F81EADF7-E0F6-4A81-A72B-E6A778411DC5}.Debug|Mixed Platforms.Build.0 = Debug|Win32
		{F81EADF7-E0F6-4A81-A72B-E6A778411DC5}.Debug|Win32.ActiveCfg = Debug|Win32
		{F81EADF7-E0F6-4A81-A72B-E6A778411DC5}.Debug|Win32.Build.0 = Debug|Win32
		{F81EADF7-E0F6-4A81-A72B-E6A778411DC5}.Release|Any CPU.ActiveCfg = Release|Win32
		{F81EADF7-E0F6-4A81-A72B-E6A778411DC5}.Release|Mixed Platforms.ActiveCfg = Release|Win32
		{F81EADF7-E0F6-4A81-A72B-E6A778411DC5}.Release|Mixed Platforms.Build.0 = Release|Win32
		{F81EADF7-E0F6-4A81-A72B-E6A778411DC5}.Release|Win32.ActiveCfg = Release|Win32
		{F81EADF7-E0F6-4A81-A72B-E6A778411DC5}.Release|Win32.Build.0 = Release|Win32
		{066680DA-3F87-4976-B4D3-B93358CC4708}.Debug|Any CPU.ActiveCfg = Debug|Win32
		{066680DA-3F87-4976-B4D3-B93358CC4708}.Debug|Mixed Platforms.ActiveCfg = Debug|Win32
		{066680DA-3F87-4976-B4D3-B93358CC4708}.Debug|Mixed Platforms.Build.0 = Debug|Win32
		{066680DA-3F87-4976-B4D3-B93358CC4708}.Debug|Win32.ActiveCfg = Debug|Win32
		{066680DA-3F87-4976-B4D3-B93358CC4708}.Debug|Win32.Build.0 = Debug|Win32
		{066680DA-3F87-4976-B4D3-B93358CC4708}.Release|Any CPU.ActiveCfg = Release|Win32
		{066680DA-3F87-4976-B4D3-B93358CC4708}.Release|Mixed Platforms.ActiveCfg = Release|Win32
		{066680DA-3F87-4976-B4D3-B93358CC4708}.Release|Mixed Platforms.Build.0 = Release|Win32
		{066680DA-3F87-4976-B4D3-B93358CC4708}.Release|Win32.ActiveCfg = Release|Win32
		{066680DA-3F87-4976-B4D3-B93358CC4708}.Release|Win32.Build.0 = Release|Win32
		{5F774D66-2653-4D84-B82B-4975D5CE7BCB}.Debug|Any CPU.ActiveCfg = Debug|Win32
		{5F774D66-2653-4D84-B82B-4975D5CE7BCB}.Debug|Mixed Platforms.ActiveCfg = Debug|Win32
		{5F774D66-2653-4D84-B82B-4975D5CE7BCB}.Debug|Mixed Platforms.Build.0 = Debug|Win32
		{5F774D66-2653-4D84-B82B-4975D5CE7BCB}.Debug|Win32.ActiveCfg = Debug|Win32
		{5F774D66-2653-4D84-B82B-4975D5CE7BCB}.Debug|Win32.Build.0 = Debug|Win32
		{5F774D66-2653-4D84-B82B-4975D5CE7BCB}.Release|Any CPU.ActiveCfg = Release|Win32
		{5F774D66-2653-4D84-B82B-4975D5CE7BCB}.Release|Mixed Platforms.ActiveCfg = Release|Win32
		{5F774D66-2653-4D84-B82B-4975D5CE7BCB}.Release|Mixed Platforms.Build.0 = Release|Win32
		{5F774D66-2653-4D84-B82B-4975D5CE7BCB}.Release|Win32.ActiveCfg = Release|Win32
		{5F774D66-2653-4D84-B82B-4975D5CE7BCB}.Release|Win32.Build.0 = Release|Win32
		{80448D0B-59AB-4ED6-9318-7BD072E9F0CA}.Debug|Any CPU.ActiveCfg = Debug|Win32
		{80448D0B-59AB-4ED6-9318-7BD072E9F0CA}.Debug|Mixed Platforms.ActiveCfg = Debug|Win32
		{80448D0B-59AB-4ED6-9318-7BD072E9F0CA}.Debug|Mixed Platforms.Build.0 = Debug|Win32
		{80448D0B-59AB-4ED6-9318-7BD072E9F0CA}.Debug|Win32.ActiveCfg = Debug|Win32
		{80448D0B-59AB-4ED6-9318-7BD072E9F0CA}.Debug|Win32.Build.0 = Debug|Win32
		{80448D0B-59AB-4ED6-9318-7BD072E9F0CA}.Release|Any CPU.ActiveCfg = Release|Win32
		{80448D0B-59AB-4ED6-9318-7BD072E9F0CA}.Release|Mixed Platforms.ActiveCfg = Release|Win32
		{80448D0B-59AB-4ED6-9318-7BD072E9F0CA}.Release|Mixed Platforms.Build.0 = Release|Win32
		{80448D0B-59AB-4ED6-9318-7BD072E9F0CA}.Release|Win32.ActiveCfg = Release|Win32
		{80448D0B-59AB-4ED6-9318-7BD072E9F0CA}.Release|Win32.Build.0 = Release|Win32
		{50490866-7392-4337-B1B0-36095A97432C}.Debug|Any CPU.ActiveCfg = Debug|Win32
		{50490866-7392-4337-B1B0-36095A97432C}.Debug|Mixed Platforms.ActiveCfg = Debug|Win32
		{50490866-7392-4337-B1B0-36095A97432C}.Debug|Mixed Platforms.Build.0 = Debug|Win32
		{50490866-7392-4337-B1B0-36095A97432C}.Debug|Win32.ActiveCfg = Debug|Win32
		{50490866-7392-4337-B1B0-36095A97432C}.Debug|Win32.Build.0 = Debug|Win32
		{50490866-7392-4337-B1B0-36095A97432C}.Release|Any CPU.ActiveCfg = Release|Win32
		{50490866-7392-4337-B1B0-36095A97432C}.Release|Mixed Platforms.ActiveCfg = Release|Win32
		{50490866-7392-4337-B1B0-36095A97432C}.Release|Mixed Platforms.Build.0 = Release|Win32
		{50490866-7392-4337-B1B0-36095A97432C}.Release|Win32.ActiveCfg = Release|Win32
		{50490866-7392-4337-B1B0-36095A97432C}.Release|Win32.Build.0 = Release|Win32
		{3B720AA3-F902-4A25-A0CE-83603972F134}.Debug|Any CPU.ActiveCfg = Debug|Win32
		{3B720AA3-F902-4A25-A0CE-83603972F134}.Debug|Mixed Platforms.ActiveCfg = Debug|Win32
		{3B720AA3-F902-4A25-A0CE-83603972F134}.Debug|Mixed Platforms.Build.0 = Debug|Win32
		{3B720AA3-F902-4A25-A0CE-83603972F134}.Debug|Win32.ActiveCfg = Debug|Win32
		{3B720AA3-F902-4A25-A0CE-83603972F134}.Debug|Win32.Build.0 = Debug|Win32
		{3B720AA3-F902-4A25-A0CE-83603972F134}.Release|Any CPU.ActiveCfg = Release|Win32
		{3B720AA3-F902-4A25-A0CE-83603972F134}.Release|Mixed Platforms.ActiveCfg = Release|Win32
		{3B720AA3-F902-4A25-A0CE-83603972F134}.Release|Mixed Platforms.Build.0 = Release|Win32
		{3B720AA3-F902-4A25-A0CE-83603972F134}.Release|Win32.ActiveCfg = Release|Win32
		{3B720AA3-F902-4A25-A0CE-83603972F134}.Release|Win32.Build.0 = Release|Win32
		{1727F17B-913B-4ED0-B17B-F80C6EA4C325}.Debug|Any CPU.ActiveCfg = Debug|Win32
		{1727F17B-913B-4ED0-B17B-F80C6EA4C325}.Debug|Mixed Platforms.ActiveCfg = Debug|Win32
		{1727F17B-913B-4ED0-B17B-F80C6EA4C325}.Debug|Mixed Platforms.Build.0 = Debug|Win32
		{1727F17B-913B-4ED0-B17B-F80C6EA4C325}.Debug|Win32.ActiveCfg = Debug|Win32
		{1727F17B-913B-4ED0-B17B-F80C6EA4C325}.Debug|Win32.Build.0 = Debug|Win32
		{1727F17B-913B-4ED0-B17B-F80C6EA4C325}.Release|Any CPU.ActiveCfg = Release|Win32
		{1727F17B-913B-4ED0-B17B-F80C6EA4C325}.Release|Mixed Platforms.ActiveCfg = Release|Win32
		{1727F17B-913B-4ED0-B17B-F80C6EA4C325}.Release|Mixed Platforms.Build.0 = Release|Win32
		{1727F17B-913B-4ED0-B17B-F80C6EA4C325}.Release|Win32.ActiveCfg = Release|Win32
		{1727F17B-913B-4ED0-B17B-F80C6EA4C325}.Release|Win32.Build.0 = Release|Win32
		{E1402238-1B29-4ABF-94C4-540948BDACC4}.Debug|Any CPU.ActiveCfg = Debug|Win32
		{E1402238-1B29-4ABF-94C4-540948BDACC4}.Debug|Mixed Platforms.ActiveCfg = Debug|Win32
		{E1402238-1B29-4ABF-94C4-540948BDACC4}.Debug|Mixed Platforms.Build.0 = Debug|Win32
		{E1402238-1B29-4ABF-94C4-540948BDACC4}.Debug|Win32.ActiveCfg = Debug|Win32
		{E1402238-1B29-4ABF-94C4-540948BDACC4}.Debug|Win32.Build.0 = Debug|Win32
		{E1402238-1B29-4ABF-94C4-540948BDACC4}.Release|Any CPU.ActiveCfg = Release|Win32
		{E1402238-1B29-4ABF-94C4-540948BDACC4}.Release|Mixed Platforms.ActiveCfg = Release|Win32
		{E1402238-1B29-4ABF-94C4-540948BDACC4}.Release|Mixed Platforms.Build.0 = Release|Win32
		{E1402238-1B29-4ABF-94C4-540948BDACC4}.Release|Win32.ActiveCfg = Release|Win32
		{E1402238-1B29-4ABF-94C4-540948BDACC4}.Release|Win32.Build.0 = Release|Win32
		{A6BC49F7-7EA9-41CC-90D4-9737F2BD76EA}.Debug|Any CPU.ActiveCfg = Debug|Win32
		{A6BC49F7-7EA9-41CC-90D4-9737F2BD76EA}.Debug|Mixed Platforms.ActiveCfg = Debug|Win32
		{A6BC49F7-7EA9-41CC-90D4-9737F2BD76EA}.Debug|Mixed Platforms.Build.0 = Debug|Win32
		{A6BC49F7-7EA9-41CC-90D4-9737F2BD76EA}.Debug|Win32.ActiveCfg = Debug|Win32
		{A6BC49F7-7EA9-41CC-90D4-9737F2BD76EA}.Debug|Win32.Build.0 = Debug|Win32
		{A6BC49F7-7EA9-41CC-90D4-9737F2BD76EA}.Release|Any CPU.ActiveCfg = Release|Win32
		{A6BC49F7-7EA9-41CC-90D4-9737F2BD76EA}.Release|Mixed Platforms.ActiveCfg = Release|Win32
		{A6BC49F7-7EA9-41CC-90D4-9737F2BD76EA}.Release|Mixed Platforms.Build.0 = Release|Win32
		{A6BC49F7-7EA9-41CC-90D4-9737F2BD76EA}.Release|Win32.ActiveCfg = Release|Win32
		{A6BC49F7-7EA9-41CC-90D4-9737F2BD76EA}.Release|Win32.Build.0 = Release|Win32
		{A5F878C7-B40F-4C0E-BFC7-3C8D24E28F69}.Debug|Any CPU.ActiveCfg = Debug|Win32
		{A5F878C7-B40F-4C0E-BFC7-3C8D24E28F69}.Debug|Mixed Platforms.ActiveCfg = Debug|Win32
		{A5F878C7-B40F-4C0E-BFC7-3C8D24E28F69}.Debug|Mixed Platforms.Build.0 = Debug|Win32
		{A5F878C7-B40F-4C0E-BFC7-3C8D24E28F69}.Debug|Win32.ActiveCfg = Debug|Win32
		{A5F878C7-B40F-4C0E-BFC7-3C8D24E28F69}.Debug|Win32.Build.0 = Debug|Win32
		{A5F878C7-B40F-4C0E-BFC7-3C8D24E28F69}.Release|Any CPU.ActiveCfg = Release|Win32
		{A5F878C7-B40F-4C0E-BFC7-3C8D24E28F69}.Release|Mixed Platforms.ActiveCfg = Release|Win32
		{A5F878C7-B40F-4C0E-BFC7-3C8D24E28F69}.Release|Mixed Platforms.Build.0 = Release|Win32
		{A5F878C7-B40F-4C0E-BFC7-3C8D24E28F69}.Release|Win32.ActiveCfg = Release|Win32
		{A5F878C7-B40F-4C0E-BFC7-3C8D24E28F69}.Release|Win32.Build.0 = Release|Win32
		{3432D030-4DEA-4539-B152-59AA9B4DCB4D}.Debug|Any CPU.ActiveCfg = Debug|Win32
		{3432D030-4DEA-4539-B152-59AA9B4DCB4D}.Debug|Mixed Platforms.ActiveCfg = Debug|Win32
		{3432D030-4DEA-4539-B152-59AA9B4DCB4D}.Debug|Mixed Platforms.Build.0 = Debug|Win32
		{3432D030-4DEA-4539-B152-59AA9B4DCB4D}.Debug|Win32.ActiveCfg = Debug|Win32
		{3432D030-4DEA-4539-B152-59AA9B4DCB4D}.Debug|Win32.Build.0 = Debug|Win32
		{3432D030-4DEA-4539-B152-59AA9B4DCB4D}.Release|Any CPU.ActiveCfg = Release|Win32
		{3432D030-4DEA-4539-B152-59AA9B4DCB4D}.Release|Mixed Platforms.ActiveCfg = Release|Win32
		{3432D030-4DEA-4539-B152-59AA9B4DCB4D}.Release|Mixed Platforms.Build.0 = Release|Win32
		{3432D030-4DEA-4539-B152-59AA9B4DCB4D}.Release|Win32.ActiveCfg = Release|Win32
		{3432D030-4DEA-4539-B152-59AA9B4DCB4D}.Release|Win32.Build.0 = Release|Win32
		{19D1004B-FCBE-4139-9EFD-D0FB92655680}.Debug|Any CPU.ActiveCfg = Debug|Win32
		{19D1004B-FCBE-4139-9EFD-D0FB92655680}.Debug|Mixed Platforms.ActiveCfg = Debug|Win32
		{19D1004B-FCBE-4139-9EFD-D0FB92655680}.Debug|Mixed Platforms.Build.0 = Debug|Win32
		{19D1004B-FCBE-4139-9EFD-D0FB92655680}.Debug|Win32.ActiveCfg = Debug|Win32
		{19D1004B-FCBE-4139-9EFD-D0FB92655680}.Debug|Win32.Build.0 = Debug|Win32
		{19D1004B-FCBE-4139-9EFD-D0FB92655680}.Release|Any CPU.ActiveCfg = Release|Win32
		{19D1004B-FCBE-4139-9EFD-D0FB92655680}.Release|Mixed Platforms.ActiveCfg = Release|Win32
		{19D1004B-FCBE-4139-9EFD-D0FB92655680}.Release|Mixed Platforms.Build.0 = Release|Win32
		{19D1004B-FCBE-4139-9EFD-D0FB92655680}.Release|Win32.ActiveCfg = Release|Win32
		{19D1004B-FCBE-4139-9EFD-D0FB92655680}.Release|Win32.Build.0 = Release|Win32
		{1B08AFCC-A3DF-416B-8302-E18AA19E3286}.Debug|Any CPU.ActiveCfg = Debug|Win32
		{1B08AFCC-A3DF-416B-8302-E18AA19E3286}.Debug|Mixed Platforms.ActiveCfg = Debug|Win32
		{1B08AFCC-A3DF-416B-8302-E18AA19E3286}.Debug|Mixed Platforms.Build.0 = Debug|Win32
		{1B08AFCC-A3DF-416B-8302-E18AA19E3286}.Debug|Win32.ActiveCfg = Debug|Win32
		{1B08AFCC-A3DF-416B-8302-E18AA19E3286}.Debug|Win32.Build.0 = Debug|Win32
		{1B08AFCC-A3DF-416B-8302-E18AA19E3286}.Release|Any CPU.ActiveCfg = Release|Win32
		{1B08AFCC-A3DF-416B-8302-E18AA19E3286}.Release|Mixed Platforms.ActiveCfg = Release|Win32
		{1B08AFCC-A3DF-416B-8302-E18AA19E3286}.Release|Mixed Platforms.Build.0 = Release|Win32
		{1B08AFCC-A3DF-416B-8302-E18AA19E3286}.Release|Win32.ActiveCfg = Release|Win32
		{1B08AFCC-A3DF-416B-8302-E18AA19E3286}.Release|Win32.Build.0 = Release|Win32
		{9B005044-13FF-465A-99A4-962F8B691138}.Debug|Any CPU.ActiveCfg = Debug|Win32
		{9B005044-13FF-465A-99A4-962F8B691138}.Debug|Mixed Platforms.ActiveCfg = Debug|Win32
		{9B005044-13FF-465A-99A4-962F8B691138}.Debug|Mixed Platforms.Build.0 = Debug|Win32
		{9B005044-13FF-465A-99A4-962F8B691138}.Debug|Win32.ActiveCfg = Debug|Win32
		{9B005044-13FF-465A-99A4-962F8B691138}.Debug|Win32.Build.0 = Debug|Win32
		{9B005044-13FF-465A-99A4-962F8B691138}.Release|Any CPU.ActiveCfg = Release|Win32
		{9B005044-13FF-465A-99A4-962F8B691138}.Release|Mixed Platforms.ActiveCfg = Release|Win32
		{9B005044-13FF-465A-99A4-962F8B691138}.Release|Mixed Platforms.Build.0 = Release|Win32
		{9B005044-13FF-465A-99A4-962F8B691138}.Release|Win32.ActiveCfg = Release|Win32
		{9B005044-13FF-465A-99A4-962F8B691138}.Release|Win32.Build.0 = Release|Win32
		{2E8A36DF-EDB3-4514-99FE-5CDD46C9B52F}.Debug|Any CPU.ActiveCfg = Debug|Win32
		{2E8A36DF-EDB3-4514-99FE-5CDD46C9B52F}.Debug|Mixed Platforms.ActiveCfg = Debug|Win32
		{2E8A36DF-EDB3-4514-99FE-5CDD46C9B52F}.Debug|Mixed Platforms.Build.0 = Debug|Win32
		{2E8A36DF-EDB3-4514-99FE-5CDD46C9B52F}.Debug|Win32.ActiveCfg = Debug|Win32
		{2E8A36DF-EDB3-4514-99FE-5CDD46C9B52F}.Debug|Win32.Build.0 = Debug|Win32
		{2E8A36DF-EDB3-4514-99FE-5CDD46C9B52F}.Release|Any CPU.ActiveCfg = Release|Win32
		{2E8A36DF-EDB3-4514-99FE-5CDD46C9B52F}.Release|Mixed Platforms.ActiveCfg = Release|Win32
		{2E8A36DF-EDB3-4514-99FE-5CDD46C9B52F}.Release|Mixed Platforms.Build.0 = Release|Win32
		{2E8A36DF-EDB3-4514-99FE-5CDD46C9B52F}.Release|Win32.ActiveCfg = Release|Win32
		{2E8A36DF-EDB3-4514-99FE-5CDD46C9B52F}.Release|Win32.Build.0 = Release|Win32
		{3D236FC0-0C93-4A4A-82C7-BB5D52C5BF9D}.Debug|Any CPU.ActiveCfg = Debug|Win32
		{3D236FC0-0C93-4A4A-82C7-BB5D52C5BF9D}.Debug|Mixed Platforms.ActiveCfg = Debug|Win32
		{3D236FC0-0C93-4A4A-82C7-BB5D52C5BF9D}.Debug|Mixed Platforms.Build.0 = Debug|Win32
		{3D236FC0-0C93-4A4A-82C7-BB5D52C5BF9D}.Debug|Win32.ActiveCfg = Debug|Win32
		{3D236FC0-0C93-4A4A-82C7-BB5D52C5BF9D}.Debug|Win32.Build.0 = Debug|Win32
		{3D236FC0-0C93-4A4A-82C7-BB5D52C5BF9D}.Release|Any CPU.ActiveCfg = Release|Win32
		{3D236FC0-0C93-4A4A-82C7-BB5D52C5BF9D}.Release|Mixed Platforms.ActiveCfg = Release|Win32
		{3D236FC0-0C93-4A4A-82C7-BB5D52C5BF9D}.Release|Mixed Platforms.Build.0 = Release|Win32
		{3D236FC0-0C93-4A4A-82C7-BB5D52C5BF9D}.Release|Win32.ActiveCfg = Release|Win32
		{3D236FC0-0C93-4A4A-82C7-BB5D52C5BF9D}.Release|Win32.Build.0 = Release|Win32
		{E806D5D7-9BD1-4739-90FE-B50106211F27}.Debug|Any CPU.ActiveCfg = Debug|Win32
		{E806D5D7-9BD1-4739-90FE-B50106211F27}.Debug|Mixed Platforms.ActiveCfg = Debug|Win32
		{E806D5D7-9BD1-4739-90FE-B50106211F27}.Debug|Mixed Platforms.Build.0 = Debug|Win32
		{E806D5D7-9BD1-4739-90FE-B50106211F27}.Debug|Win32.ActiveCfg = Debug|Win32
		{E806D5D7-9BD1-4739-90FE-B50106211F27}.Debug|Win32.Build.0 = Debug|Win32
		{E806D5D7-9BD1-4739-90FE-B50106211F27}.Release|Any CPU.ActiveCfg = Release|Win32
		{E806D5D7-9BD1-4739-90FE-B50106211F27}.Release|Mixed Platforms.ActiveCfg = Release|Win32
		{E806D5D7-9BD1-4739-90FE-B50106211F27}.Release|Mixed Platforms.Build.0 = Release|Win32
		{E806D5D7-9BD1-4739-90FE-B50106211F27}.Release|Win32.ActiveCfg = Release|Win32
		{E806D5D7-9BD1-4739-90FE-B50106211F27}.Release|Win32.Build.0 = Release|Win32
		{C7548EA7-6392-4CBC-8737-525550FBD775}.Debug|Any CPU.ActiveCfg = Debug|Win32
		{C7548EA7-6392-4CBC-8737-525550FBD775}.Debug|Mixed Platforms.ActiveCfg = Debug|Win32
		{C7548EA7-6392-4CBC-8737-525550FBD775}.Debug|Mixed Platforms.Build.0 = Debug|Win32
		{C7548EA7-6392-4CBC-8737-525550FBD775}.Debug|Win32.ActiveCfg = Debug|Win32
		{C7548EA7-6392-4CBC-8737-525550FBD775}.Debug|Win32.Build.0 = Debug|Win32
		{C7548EA7-6392-4CBC-8737-525550FBD775}.Release|Any CPU.ActiveCfg = Release|Win32
		{C7548EA7-6392-4CBC-8737-525550FBD775}.Release|Mixed Platforms.ActiveCfg = Release|Win32
		{C7548EA7-6392-4CBC-8737-525550FBD775}.Release|Mixed Platforms.Build.0 = Release|Win32
		{C7548EA7-6392-4CBC-8737-525550FBD775}.Release|Win32.ActiveCfg = Release|Win32
		{C7548EA7-6392-4CBC-8737-525550FBD775}.Release|Win32.Build.0 = Release|Win32
		{B40BCAB5-FC8B-4D9F-814F-B1BAB3B29E22}.Debug|Any CPU.ActiveCfg = Debug|Win32
		{B40BCAB5-FC8B-4D9F-814F-B1BAB3B29E22}.Debug|Mixed Platforms.ActiveCfg = Debug|Win32
		{B40BCAB5-FC8B-4D9F-814F-B1BAB3B29E22}.Debug|Mixed Platforms.Build.0 = Debug|Win32
		{B40BCAB5-FC8B-4D9F-814F-B1BAB3B29E22}.Debug|Win32.ActiveCfg = Debug|Win32
		{B40BCAB5-FC8B-4D9F-814F-B1BAB3B29E22}.Debug|Win32.Build.0 = Debug|Win32
		{B40BCAB5-FC8B-4D9F-814F-B1BAB3B29E22}.Release|Any CPU.ActiveCfg = Release|Win32
		{B40BCAB5-FC8B-4D9F-814F-B1BAB3B29E22}.Release|Mixed Platforms.ActiveCfg = Release|Win32
		{B40BCAB5-FC8B-4D9F-814F-B1BAB3B29E22}.Release|Mixed Platforms.Build.0 = Release|Win32
		{B40BCAB5-FC8B-4D9F-814F-B1BAB3B29E22}.Release|Win32.ActiveCfg = Release|Win32
		{B40BCAB5-FC8B-4D9F-814F-B1BAB3B29E22}.Release|Win32.Build.0 = Release|Win32
		{C9C1E76A-A0AB-43BF-90FE-AF90EE6850D8}.Debug|Any CPU.ActiveCfg = Debug|Win32
		{C9C1E76A-A0AB-43BF-90FE-AF90EE6850D8}.Debug|Mixed Platforms.ActiveCfg = Debug|Win32
		{C9C1E76A-A0AB-43BF-90FE-AF90EE6850D8}.Debug|Mixed Platforms.Build.0 = Debug|Win32
		{C9C1E76A-A0AB-43BF-90FE-AF90EE6850D8}.Debug|Win32.ActiveCfg = Debug|Win32
		{C9C1E76A-A0AB-43BF-90FE-AF90EE6850D8}.Debug|Win32.Build.0 = Debug|Win32
		{C9C1E76A-A0AB-43BF-90FE-AF90EE6850D8}.Release|Any CPU.ActiveCfg = Release|Win32
		{C9C1E76A-A0AB-43BF-90FE-AF90EE6850D8}.Release|Mixed Platforms.ActiveCfg = Release|Win32
		{C9C1E76A-A0AB-43BF-90FE-AF90EE6850D8}.Release|Mixed Platforms.Build.0 = Release|Win32
		{C9C1E76A-A0AB-43BF-90FE-AF90EE6850D8}.Release|Win32.ActiveCfg = Release|Win32
		{C9C1E76A-A0AB-43BF-90FE-AF90EE6850D8}.Release|Win32.Build.0 = Release|Win32
		{644E757F-2BB1-4200-B2F4-3318BFE16A09}.Debug|Any CPU.ActiveCfg = Debug|Win32
		{644E757F-2BB1-4200-B2F4-3318BFE16A09}.Debug|Mixed Platforms.ActiveCfg = Debug|Win32
		{644E757F-2BB1-4200-B2F4-3318BFE16A09}.Debug|Mixed Platforms.Build.0 = Debug|Win32
		{644E757F-2BB1-4200-B2F4-3318BFE16A09}.Debug|Win32.ActiveCfg = Debug|Win32
		{644E757F-2BB1-4200-B2F4-3318BFE16A09}.Debug|Win32.Build.0 = Debug|Win32
		{644E757F-2BB1-4200-B2F4-3318BFE16A09}.Release|Any CPU.ActiveCfg = Release|Win32
		{644E757F-2BB1-4200-B2F4-3318BFE16A09}.Release|Mixed Platforms.ActiveCfg = Release|Win32
		{644E757F-2BB1-4200-B2F4-3318BFE16A09}.Release|Mixed Platforms.Build.0 = Release|Win32
		{644E757F-2BB1-4200-B2F4-3318BFE16A09}.Release|Win32.ActiveCfg = Release|Win32
		{644E757F-2BB1-4200-B2F4-3318BFE16A09}.Release|Win32.Build.0 = Release|Win32
		{E5DB6167-24E2-432E-9C9D-E8BBAEF6B4AB}.Debug|Any CPU.ActiveCfg = Debug|Win32
		{E5DB6167-24E2-432E-9C9D-E8BBAEF6B4AB}.Debug|Mixed Platforms.ActiveCfg = Debug|Win32
		{E5DB6167-24E2-432E-9C9D-E8BBAEF6B4AB}.Debug|Mixed Platforms.Build.0 = Debug|Win32
		{E5DB6167-24E2-432E-9C9D-E8BBAEF6B4AB}.Debug|Win32.ActiveCfg = Debug|Win32
		{E5DB6167-24E2-432E-9C9D-E8BBAEF6B4AB}.Debug|Win32.Build.0 = Debug|Win32
		{E5DB6167-24E2-432E-9C9D-E8BBAEF6B4AB}.Release|Any CPU.ActiveCfg = Release|Win32
		{E5DB6167-24E2-432E-9C9D-E8BBAEF6B4AB}.Release|Mixed Platforms.ActiveCfg = Release|Win32
		{E5DB6167-24E2-432E-9C9D-E8BBAEF6B4AB}.Release|Mixed Platforms.Build.0 = Release|Win32
		{E5DB6167-24E2-432E-9C9D-E8BBAEF6B4AB}.Release|Win32.ActiveCfg = Release|Win32
		{E5DB6167-24E2-432E-9C9D-E8BBAEF6B4AB}.Release|Win32.Build.0 = Release|Win32
		{6B29AC2D-680A-48DA-8F36-C525159D2710}.Debug|Any CPU.ActiveCfg = Debug|Win32
		{6B29AC2D-680A-48DA-8F36-C525159D2710}.Debug|Mixed Platforms.ActiveCfg = Debug|Win32
		{6B29AC2D-680A-48DA-8F36-C525159D2710}.Debug|Mixed Platforms.Build.0 = Debug|Win32
		{6B29AC2D-680A-48DA-8F36-C525159D2710}.Debug|Win32.ActiveCfg = Debug|Win32
		{6B29AC2D-680A-48DA-8F36-C525159D2710}.Debug|Win32.Build.0 = Debug|Win32
		{6B29AC2D-680A-48DA-8F36-C525159D2710}.Release|Any CPU.ActiveCfg = Release|Win32
		{6B29AC2D-680A-48DA-8F36-C525159D2710}.Release|Mixed Platforms.ActiveCfg = Release|Win32
		{6B29AC2D-680A-48DA-8F36-C525159D2710}.Release|Mixed Platforms.Build.0 = Release|Win32
		{6B29AC2D-680A-48DA-8F36-C525159D2710}.Release|Win32.ActiveCfg = Release|Win32
		{6B29AC2D-680A-48DA-8F36-C525159D2710}.Release|Win32.Build.0 = Release|Win32
		{7B0EF88E-9E8D-4BE8-B4FA-E3EC0B5A7D67}.Debug|Any CPU.ActiveCfg = Debug|Win32
		{7B0EF88E-9E8D-4BE8-B4FA-E3EC0B5A7D67}.Debug|Mixed Platforms.ActiveCfg = Debug|Win32
		{7B0EF88E-9E8D-4BE8-B4FA-E3EC0B5A7D67}.Debug|Mixed Platforms.Build.0 = Debug|Win32
		{7B0EF88E-9E8D-4BE8-B4FA-E3EC0B5A7D67}.Debug|Win32.ActiveCfg = Debug|Win32
		{7B0EF88E-9E8D-4BE8-B4FA-E3EC0B5A7D67}.Debug|Win32.Build.0 = Debug|Win32
		{7B0EF88E-9E8D-4BE8-B4FA-E3EC0B5A7D67}.Release|Any CPU.ActiveCfg = Release|Win32
		{7B0EF88E-9E8D-4BE8-B4FA-E3EC0B5A7D67}.Release|Mixed Platforms.ActiveCfg = Release|Win32
		{7B0EF88E-9E8D-4BE8-B4FA-E3EC0B5A7D67}.Release|Mixed Platforms.Build.0 = Release|Win32
		{7B0EF88E-9E8D-4BE8-B4FA-E3EC0B5A7D67}.Release|Win32.ActiveCfg = Release|Win32
		{7B0EF88E-9E8D-4BE8-B4FA-E3EC0B5A7D67}.Release|Win32.Build.0 = Release|Win32
		{3DFAF89E-A3A6-4F67-B653-1472DD619C21}.Debug|Any CPU.ActiveCfg = Debug|Win32
		{3DFAF89E-A3A6-4F67-B653-1472DD619C21}.Debug|Mixed Platforms.ActiveCfg = Debug|Win32
		{3DFAF89E-A3A6-4F67-B653-1472DD619C21}.Debug|Mixed Platforms.Build.0 = Debug|Win32
		{3DFAF89E-A3A6-4F67-B653-1472DD619C21}.Debug|Win32.ActiveCfg = Debug|Win32
		{3DFAF89E-A3A6-4F67-B653-1472DD619C21}.Debug|Win32.Build.0 = Debug|Win32
		{3DFAF89E-A3A6-4F67-B653-1472DD619C21}.Release|Any CPU.ActiveCfg = Release|Win32
		{3DFAF89E-A3A6-4F67-B653-1472DD619C21}.Release|Mixed Platforms.ActiveCfg = Release|Win32
		{3DFAF89E-A3A6-4F67-B653-1472DD619C21}.Release|Mixed Platforms.Build.0 = Release|Win32
		{3DFAF89E-A3A6-4F67-B653-1472DD619C21}.Release|Win32.ActiveCfg = Release|Win32
		{3DFAF89E-A3A6-4F67-B653-1472DD619C21}.Release|Win32.Build.0 = Release|Win32
		{C47866FB-BC3D-4F6C-8519-1C57FBA02851}.Debug|Any CPU.ActiveCfg = Debug|Win32
		{C47866FB-BC3D-4F6C-8519-1C57FBA02851}.Debug|Mixed Platforms.ActiveCfg = Debug|Win32
		{C47866FB-BC3D-4F6C-8519-1C57FBA02851}.Debug|Mixed Platforms.Build.0 = Debug|Win32
		{C47866FB-BC3D-4F6C-8519-1C57FBA02851}.Debug|Win32.ActiveCfg = Debug|Win32
		{C47866FB-BC3D-4F6C-8519-1C57FBA02851}.Debug|Win32.Build.0 = Debug|Win32
		{C47866FB-BC3D-4F6C-8519-1C57FBA02851}.Release|Any CPU.ActiveCfg = Release|Win32
		{C47866FB-BC3D-4F6C-8519-1C57FBA02851}.Release|Mixed Platforms.ActiveCfg = Release|Win32
		{C47866FB-BC3D-4F6C-8519-1C57FBA02851}.Release|Mixed Platforms.Build.0 = Release|Win32
		{C47866FB-BC3D-4F6C-8519-1C57FBA02851}.Release|Win32.ActiveCfg = Release|Win32
		{C47866FB-BC3D-4F6C-8519-1C57FBA02851}.Release|Win32.Build.0 = Release|Win32
		{D832FD3D-8806-4127-A6E2-26BD5081169B}.Debug|Any CPU.ActiveCfg = Debug|Win32
		{D832FD3D-8806-4127-A6E2-26BD5081169B}.Debug|Mixed Platforms.ActiveCfg = Debug|Win32
		{D832FD3D-8806-4127-A6E2-26BD5081169B}.Debug|Mixed Platforms.Build.0 = Debug|Win32
		{D832FD3D-8806-4127-A6E2-26BD5081169B}.Debug|Win32.ActiveCfg = Debug|Win32
		{D832FD3D-8806-4127-A6E2-26BD5081169B}.Debug|Win32.Build.0 = Debug|Win32
		{D832FD3D-8806-4127-A6E2-26BD5081169B}.Release|Any CPU.ActiveCfg = Release|Win32
		{D832FD3D-8806-4127-A6E2-26BD5081169B}.Release|Mixed Platforms.ActiveCfg = Release|Win32
		{D832FD3D-8806-4127-A6E2-26BD5081169B}.Release|Mixed Platforms.Build.0 = Release|Win32
		{D832FD3D-8806-4127-A6E2-26BD5081169B}.Release|Win32.ActiveCfg = Release|Win32
		{D832FD3D-8806-4127-A6E2-26BD5081169B}.Release|Win32.Build.0 = Release|Win32
		{4B9507D7-A928-484C-8F5C-82D0EE3547BC}.Debug|Any CPU.ActiveCfg = Debug|Win32
		{4B9507D7-A928-484C-8F5C-82D0EE3547BC}.Debug|Mixed Platforms.ActiveCfg = Debug|Win32
		{4B9507D7-A928-484C-8F5C-82D0EE3547BC}.Debug|Mixed Platforms.Build.0 = Debug|Win32
		{4B9507D7-A928-484C-8F5C-82D0EE3547BC}.Debug|Win32.ActiveCfg = Debug|Win32
		{4B9507D7-A928-484C-8F5C-82D0EE3547BC}.Debug|Win32.Build.0 = Debug|Win32
		{4B9507D7-A928-484C-8F5C-82D0EE3547BC}.Release|Any CPU.ActiveCfg = Release|Win32
		{4B9507D7-A928-484C-8F5C-82D0EE3547BC}.Release|Mixed Platforms.ActiveCfg = Release|Win32
		{4B9507D7-A928-484C-8F5C-82D0EE3547BC}.Release|Mixed Platforms.Build.0 = Release|Win32
		{4B9507D7-A928-484C-8F5C-82D0EE3547BC}.Release|Win32.ActiveCfg = Release|Win32
		{4B9507D7-A928-484C-8F5C-82D0EE3547BC}.Release|Win32.Build.0 = Release|Win32
		{C4172EDA-C996-457A-9874-BC0A30439CAB}.Debug|Any CPU.ActiveCfg = Debug|Win32
		{C4172EDA-C996-457A-9874-BC0A30439CAB}.Debug|Mixed Platforms.ActiveCfg = Debug|Win32
		{C4172EDA-C996-457A-9874-BC0A30439CAB}.Debug|Mixed Platforms.Build.0 = Debug|Win32
		{C4172EDA-C996-457A-9874-BC0A30439CAB}.Debug|Win32.ActiveCfg = Debug|Win32
		{C4172EDA-C996-457A-9874-BC0A30439CAB}.Debug|Win32.Build.0 = Debug|Win32
		{C4172EDA-C996-457A-9874-BC0A30439CAB}.Release|Any CPU.ActiveCfg = Release|Win32
		{C4172EDA-C996-457A-9874-BC0A30439CAB}.Release|Mixed Platforms.ActiveCfg = Release|Win32
		{C4172EDA-C996-457A-9874-BC0A30439CAB}.Release|Mixed Platforms.Build.0 = Release|Win32
		{C4172EDA-C996-457A-9874-BC0A30439CAB}.Release|Win32.ActiveCfg = Release|Win32
		{C4172EDA-C996-457A-9874-BC0A30439CAB}.Release|Win32.Build.0 = Release|Win32
		{2E495434-DF63-4960-B8C2-44B649A85C74}.Debug|Any CPU.ActiveCfg = Debug|Win32
		{2E495434-DF63-4960-B8C2-44B649A85C74}.Debug|Mixed Platforms.ActiveCfg = Debug|Win32
		{2E495434-DF63-4960-B8C2-44B649A85C74}.Debug|Mixed Platforms.Build.0 = Debug|Win32
		{2E495434-DF63-4960-B8C2-44B649A85C74}.Debug|Win32.ActiveCfg = Debug|Win32
		{2E495434-DF63-4960-B8C2-44B649A85C74}.Debug|Win32.Build.0 = Debug|Win32
		{2E495434-DF63-4960-B8C2-44B649A85C74}.Release|Any CPU.ActiveCfg = Release|Win32
		{2E495434-DF63-4960-B8C2-44B649A85C74}.Release|Mixed Platforms.ActiveCfg = Release|Win32
		{2E495434-DF63-4960-B8C2-44B649A85C74}.Release|Mixed Platforms.Build.0 = Release|Win32
		{2E495434-DF63-4960-B8C2-44B649A85C74}.Release|Win32.ActiveCfg = Release|Win32
		{2E495434-DF63-4960-B8C2-44B649A85C74}.Release|Win32.Build.0 = Release|Win32
		{685FAB30-7178-47B1-8A84-6EE2776B6A60}.Debug|Any CPU.ActiveCfg = Debug|Win32
		{685FAB30-7178-47B1-8A84-6EE2776B6A60}.Debug|Mixed Platforms.ActiveCfg = Debug|Win32
		{685FAB30-7178-47B1-8A84-6EE2776B6A60}.Debug|Mixed Platforms.Build.0 = Debug|Win32
		{685FAB30-7178-47B1-8A84-6EE2776B6A60}.Debug|Win32.ActiveCfg = Debug|Win32
		{685FAB30-7178-47B1-8A84-6EE2776B6A60}.Debug|Win32.Build.0 = Debug|Win32
		{685FAB30-7178-47B1-8A84-6EE2776B6A60}.Release|Any CPU.ActiveCfg = Release|Win32
		{685FAB30-7178-47B1-8A84-6EE2776B6A60}.Release|Mixed Platforms.ActiveCfg = Release|Win32
		{685FAB30-7178-47B1-8A84-6EE2776B6A60}.Release|Mixed Platforms.Build.0 = Release|Win32
		{685FAB30-7178-47B1-8A84-6EE2776B6A60}.Release|Win32.ActiveCfg = Release|Win32
		{685FAB30-7178-47B1-8A84-6EE2776B6A60}.Release|Win32.Build.0 = Release|Win32
		{2633D99E-96BB-4C91-865A-9A3C364CD8E8}.Debug|Any CPU.ActiveCfg = Debug|Win32
		{2633D99E-96BB-4C91-865A-9A3C364CD8E8}.Debug|Mixed Platforms.ActiveCfg = Debug|Win32
		{2633D99E-96BB-4C91-865A-9A3C364CD8E8}.Debug|Mixed Platforms.Build.0 = Debug|Win32
		{2633D99E-96BB-4C91-865A-9A3C364CD8E8}.Debug|Win32.ActiveCfg = Debug|Win32
		{2633D99E-96BB-4C91-865A-9A3C364CD8E8}.Debug|Win32.Build.0 = Debug|Win32
		{2633D99E-96BB-4C91-865A-9A3C364CD8E8}.Release|Any CPU.ActiveCfg = Release|Win32
		{2633D99E-96BB-4C91-865A-9A3C364CD8E8}.Release|Mixed Platforms.ActiveCfg = Release|Win32
		{2633D99E-96BB-4C91-865A-9A3C364CD8E8}.Release|Mixed Platforms.Build.0 = Release|Win32
		{2633D99E-96BB-4C91-865A-9A3C364CD8E8}.Release|Win32.ActiveCfg = Release|Win32
		{2633D99E-96BB-4C91-865A-9A3C364CD8E8}.Release|Win32.Build.0 = Release|Win32
		{FC57B8EA-5EF3-4459-8880-F275F9A2664A}.Debug|Any CPU.ActiveCfg = Debug|Win32
		{FC57B8EA-5EF3-4459-8880-F275F9A2664A}.Debug|Mixed Platforms.ActiveCfg = Debug|Win32
		{FC57B8EA-5EF3-4459-8880-F275F9A2664A}.Debug|Mixed Platforms.Build.0 = Debug|Win32
		{FC57B8EA-5EF3-4459-8880-F275F9A2664A}.Debug|Win32.ActiveCfg = Debug|Win32
		{FC57B8EA-5EF3-4459-8880-F275F9A2664A}.Debug|Win32.Build.0 = Debug|Win32
		{FC57B8EA-5EF3-4459-8880-F275F9A2664A}.Release|Any CPU.ActiveCfg = Release|Win32
		{FC57B8EA-5EF3-4459-8880-F275F9A2664A}.Release|Mixed Platforms.ActiveCfg = Release|Win32
		{FC57B8EA-5EF3-4459-8880-F275F9A2664A}.Release|Mixed Platforms.Build.0 = Release|Win32
		{FC57B8EA-5EF3-4459-8880-F275F9A2664A}.Release|Win32.ActiveCfg = Release|Win32
		{FC57B8EA-5EF3-4459-8880-F275F9A2664A}.Release|Win32.Build.0 = Release|Win32
		{81E0338D-C054-4F38-AFD5-0A7DFD07F3DD}.Debug|Any CPU.ActiveCfg = Debug|Win32
		{81E0338D-C054-4F38-AFD5-0A7DFD07F3DD}.Debug|Mixed Platforms.ActiveCfg = Debug|Win32
		{81E0338D-C054-4F38-AFD5-0A7DFD07F3DD}.Debug|Mixed Platforms.Build.0 = Debug|Win32
		{81E0338D-C054-4F38-AFD5-0A7DFD07F3DD}.Debug|Win32.ActiveCfg = Debug|Win32
		{81E0338D-C054-4F38-AFD5-0A7DFD07F3DD}.Debug|Win32.Build.0 = Debug|Win32
		{81E0338D-C054-4F38-AFD5-0A7DFD07F3DD}.Release|Any CPU.ActiveCfg = Release|Win32
		{81E0338D-C054-4F38-AFD5-0A7DFD07F3DD}.Release|Mixed Platforms.ActiveCfg = Release|Win32
		{81E0338D-C054-4F38-AFD5-0A7DFD07F3DD}.Release|Mixed Platforms.Build.0 = Release|Win32
		{81E0338D-C054-4F38-AFD5-0A7DFD07F3DD}.Release|Win32.ActiveCfg = Release|Win32
		{81E0338D-C054-4F38-AFD5-0A7DFD07F3DD}.Release|Win32.Build.0 = Release|Win32
		{C5D7F6F7-0E9D-44CA-B1F0-19C31C95FF0A}.Debug|Any CPU.ActiveCfg = Debug|Win32
		{C5D7F6F7-0E9D-44CA-B1F0-19C31C95FF0A}.Debug|Mixed Platforms.ActiveCfg = Debug|Win32
		{C5D7F6F7-0E9D-44CA-B1F0-19C31C95FF0A}.Debug|Mixed Platforms.Build.0 = Debug|Win32
		{C5D7F6F7-0E9D-44CA-B1F0-19C31C95FF0A}.Debug|Win32.ActiveCfg = Debug|Win32
		{C5D7F6F7-0E9D-44CA-B1F0-19C31C95FF0A}.Debug|Win32.Build.0 = Debug|Win32
		{C5D7F6F7-0E9D-44CA-B1F0-19C31C95FF0A}.Release|Any CPU.ActiveCfg = Release|Win32
		{C5D7F6F7-0E9D-44CA-B1F0-19C31C95FF0A}.Release|Mixed Platforms.ActiveCfg = Release|Win32
		{C5D7F6F7-0E9D-44CA-B1F0-19C31C95FF0A}.Release|Mixed Platforms.Build.0 = Release|Win32
		{C5D7F6F7-0E9D-44CA-B1F0-19C31C95FF0A}.Release|Win32.ActiveCfg = Release|Win32
		{C5D7F6F7-0E9D-44CA-B1F0-19C31C95FF0A}.Release|Win32.Build.0 = Release|Win32
		{300546FF-E17B-487F-8099-D382D3F320EC}.Debug|Any CPU.ActiveCfg = Debug|Win32
		{300546FF-E17B-487F-8099-D382D3F320EC}.Debug|Mixed Platforms.ActiveCfg = Debug|Win32
		{300546FF-E17B-487F-8099-D382D3F320EC}.Debug|Mixed Platforms.Build.0 = Debug|Win32
		{300546FF-E17B-487F-8099-D382D3F320EC}.Debug|Win32.ActiveCfg = Debug|Win32
		{300546FF-E17B-487F-8099-D382D3F320EC}.Debug|Win32.Build.0 = Debug|Win32
		{300546FF-E17B-487F-8099-D382D3F320EC}.Release|Any CPU.ActiveCfg = Release|Win32
		{300546FF-E17B-487F-8099-D382D3F320EC}.Release|Mixed Platforms.ActiveCfg = Release|Win32
		{300546FF-E17B-487F-8099-D382D3F320EC}.Release|Mixed Platforms.Build.0 = Release|Win32
		{300546FF-E17B-487F-8099-D382D3F320EC}.Release|Win32.ActiveCfg = Release|Win32
		{300546FF-E17B-487F-8099-D382D3F320EC}.Release|Win32.Build.0 = Release|Win32
		{489EB8DD-2A2F-4F9E-8702-BD4CCD4E045B}.Debug|Any CPU.ActiveCfg = Debug|Win32
		{489EB8DD-2A2F-4F9E-8702-BD4CCD4E045B}.Debug|Mixed Platforms.ActiveCfg = Debug|Win32
		{489EB8DD-2A2F-4F9E-8702-BD4CCD4E045B}.Debug|Mixed Platforms.Build.0 = Debug|Win32
		{489EB8DD-2A2F-4F9E-8702-BD4CCD4E045B}.Debug|Win32.ActiveCfg = Debug|Win32
		{489EB8DD-2A2F-4F9E-8702-BD4CCD4E045B}.Debug|Win32.Build.0 = Debug|Win32
		{489EB8DD-2A2F-4F9E-8702-BD4CCD4E045B}.Release|Any CPU.ActiveCfg = Release|Win32
		{489EB8DD-2A2F-4F9E-8702-BD4CCD4E045B}.Release|Mixed Platforms.ActiveCfg = Release|Win32
		{489EB8DD-2A2F-4F9E-8702-BD4CCD4E045B}.Release|Mixed Platforms.Build.0 = Release|Win32
		{489EB8DD-2A2F-4F9E-8702-BD4CCD4E045B}.Release|Win32.ActiveCfg = Release|Win32
		{489EB8DD-2A2F-4F9E-8702-BD4CCD4E045B}.Release|Win32.Build.0 = Release|Win32
		{19948A70-3E76-446B-B623-7DBA1225B024}.Debug|Any CPU.ActiveCfg = Debug|Win32
		{19948A70-3E76-446B-B623-7DBA1225B024}.Debug|Mixed Platforms.ActiveCfg = Debug|Win32
		{19948A70-3E76-446B-B623-7DBA1225B024}.Debug|Mixed Platforms.Build.0 = Debug|Win32
		{19948A70-3E76-446B-B623-7DBA1225B024}.Debug|Win32.ActiveCfg = Debug|Win32
		{19948A70-3E76-446B-B623-7DBA1225B024}.Debug|Win32.Build.0 = Debug|Win32
		{19948A70-3E76-446B-B623-7DBA1225B024}.Release|Any CPU.ActiveCfg = Release|Win32
		{19948A70-3E76-446B-B623-7DBA1225B024}.Release|Mixed Platforms.ActiveCfg = Release|Win32
		{19948A70-3E76-446B-B623-7DBA1225B024}.Release|Mixed Platforms.Build.0 = Release|Win32
		{19948A70-3E76-446B-B623-7DBA1225B024}.Release|Win32.ActiveCfg = Release|Win32
		{19948A70-3E76-446B-B623-7DBA1225B024}.Release|Win32.Build.0 = Release|Win32
		{2601ABD0-4E82-4889-A239-1BE15B6CF68D}.Debug|Any CPU.ActiveCfg = Debug|Win32
		{2601ABD0-4E82-4889-A239-1BE15B6CF68D}.Debug|Mixed Platforms.ActiveCfg = Debug|Win32
		{2601ABD0-4E82-4889-A239-1BE15B6CF68D}.Debug|Mixed Platforms.Build.0 = Debug|Win32
		{2601ABD0-4E82-4889-A239-1BE15B6CF68D}.Debug|Win32.ActiveCfg = Debug|Win32
		{2601ABD0-4E82-4889-A239-1BE15B6CF68D}.Debug|Win32.Build.0 = Debug|Win32
		{2601ABD0-4E82-4889-A239-1BE15B6CF68D}.Release|Any CPU.ActiveCfg = Release|Win32
		{2601ABD0-4E82-4889-A239-1BE15B6CF68D}.Release|Mixed Platforms.ActiveCfg = Release|Win32
		{2601ABD0-4E82-4889-A239-1BE15B6CF68D}.Release|Mixed Platforms.Build.0 = Release|Win32
		{2601ABD0-4E82-4889-A239-1BE15B6CF68D}.Release|Win32.ActiveCfg = Release|Win32
		{2601ABD0-4E82-4889-A239-1BE15B6CF68D}.Release|Win32.Build.0 = Release|Win32
		{898EE91F-AFC0-4191-8767-AA55DFD40ACD}.Debug|Any CPU.ActiveCfg = Debug|Win32
		{898EE91F-AFC0-4191-8767-AA55DFD40ACD}.Debug|Mixed Platforms.ActiveCfg = Debug|Win32
		{898EE91F-AFC0-4191-8767-AA55DFD40ACD}.Debug|Mixed Platforms.Build.0 = Debug|Win32
		{898EE91F-AFC0-4191-8767-AA55DFD40ACD}.Debug|Win32.ActiveCfg = Debug|Win32
		{898EE91F-AFC0-4191-8767-AA55DFD40ACD}.Debug|Win32.Build.0 = Debug|Win32
		{898EE91F-AFC0-4191-8767-AA55DFD40ACD}.Release|Any CPU.ActiveCfg = Release|Win32
		{898EE91F-AFC0-4191-8767-AA55DFD40ACD}.Release|Mixed Platforms.ActiveCfg = Release|Win32
		{898EE91F-AFC0-4191-8767-AA55DFD40ACD}.Release|Mixed Platforms.Build.0 = Release|Win32
		{898EE91F-AFC0-4191-8767-AA55DFD40ACD}.Release|Win32.ActiveCfg = Release|Win32
		{898EE91F-AFC0-4191-8767-AA55DFD40ACD}.Release|Win32.Build.0 = Release|Win32
		{6073B1DE-0223-46D2-A798-110558E23373}.Debug|Any CPU.ActiveCfg = Debug|Win32
		{6073B1DE-0223-46D2-A798-110558E23373}.Debug|Mixed Platforms.ActiveCfg = Debug|Win32
		{6073B1DE-0223-46D2-A798-110558E23373}.Debug|Mixed Platforms.Build.0 = Debug|Win32
		{6073B1DE-0223-46D2-A798-110558E23373}.Debug|Win32.ActiveCfg = Debug|Win32
		{6073B1DE-0223-46D2-A798-110558E23373}.Debug|Win32.Build.0 = Debug|Win32
		{6073B1DE-0223-46D2-A798-110558E23373}.Release|Any CPU.ActiveCfg = Release|Win32
		{6073B1DE-0223-46D2-A798-110558E23373}.Release|Mixed Platforms.ActiveCfg = Release|Win32
		{6073B1DE-0223-46D2-A798-110558E23373}.Release|Mixed Platforms.Build.0 = Release|Win32
		{6073B1DE-0223-46D2-A798-110558E23373}.Release|Win32.ActiveCfg = Release|Win32
		{6073B1DE-0223-46D2-A798-110558E23373}.Release|Win32.Build.0 = Release|Win32
		{238DA1FF-E070-42FA-ABF4-77EE6465DDFB}.Debug|Any CPU.ActiveCfg = Debug|Win32
		{238DA1FF-E070-42FA-ABF4-77EE6465DDFB}.Debug|Mixed Platforms.ActiveCfg = Debug|Win32
		{238DA1FF-E070-42FA-ABF4-77EE6465DDFB}.Debug|Mixed Platforms.Build.0 = Debug|Win32
		{238DA1FF-E070-42FA-ABF4-77EE6465DDFB}.Debug|Win32.ActiveCfg = Debug|Win32
		{238DA1FF-E070-42FA-ABF4-77EE6465DDFB}.Debug|Win32.Build.0 = Debug|Win32
		{238DA1FF-E070-42FA-ABF4-77EE6465DDFB}.Release|Any CPU.ActiveCfg = Release|Win32
		{238DA1FF-E070-42FA-ABF4-77EE6465DDFB}.Release|Mixed Platforms.ActiveCfg = Release|Win32
		{238DA1FF-E070-42FA-ABF4-77EE6465DDFB}.Release|Mixed Platforms.Build.0 = Release|Win32
		{238DA1FF-E070-42FA-ABF4-77EE6465DDFB}.Release|Win32.ActiveCfg = Release|Win32
		{238DA1FF-E070-42FA-ABF4-77EE6465DDFB}.Release|Win32.Build.0 = Release|Win32
		{4AAD6BAC-7636-437C-810F-3C77A8E4899F}.Debug|Any CPU.ActiveCfg = Debug|Win32
		{4AAD6BAC-7636-437C-810F-3C77A8E4899F}.Debug|Mixed Platforms.ActiveCfg = Debug|Win32
		{4AAD6BAC-7636-437C-810F-3C77A8E4899F}.Debug|Mixed Platforms.Build.0 = Debug|Win32
		{4AAD6BAC-7636-437C-810F-3C77A8E4899F}.Debug|Win32.ActiveCfg = Debug|Win32
		{4AAD6BAC-7636-437C-810F-3C77A8E4899F}.Debug|Win32.Build.0 = Debug|Win32
		{4AAD6BAC-7636-437C-810F-3C77A8E4899F}.Release|Any CPU.ActiveCfg = Release|Win32
		{4AAD6BAC-7636-437C-810F-3C77A8E4899F}.Release|Mixed Platforms.ActiveCfg = Release|Win32
		{4AAD6BAC-7636-437C-810F-3C77A8E4899F}.Release|Mixed Platforms.Build.0 = Release|Win32
		{4AAD6BAC-7636-437C-810F-3C77A8E4899F}.Release|Win32.ActiveCfg = Release|Win32
		{4AAD6BAC-7636-437C-810F-3C77A8E4899F}.Release|Win32.Build.0 = Release|Win32
		{6635B216-8906-46F2-88F3-B1864C270987}.Debug|Any CPU.ActiveCfg = Debug|Win32
		{6635B216-8906-46F2-88F3-B1864C270987}.Debug|Mixed Platforms.ActiveCfg = Debug|Win32
		{6635B216-8906-46F2-88F3-B1864C270987}.Debug|Mixed Platforms.Build.0 = Debug|Win32
		{6635B216-8906-46F2-88F3-B1864C270987}.Debug|Win32.ActiveCfg = Debug|Win32
		{6635B216-8906-46F2-88F3-B1864C270987}.Debug|Win32.Build.0 = Debug|Win32
		{6635B216-8906-46F2-88F3-B1864C270987}.Release|Any CPU.ActiveCfg = Release|Win32
		{6635B216-8906-46F2-88F3-B1864C270987}.Release|Mixed Platforms.ActiveCfg = Release|Win32
		{6635B216-8906-46F2-88F3-B1864C270987}.Release|Mixed Platforms.Build.0 = Release|Win32
		{6635B216-8906-46F2-88F3-B1864C270987}.Release|Win32.ActiveCfg = Release|Win32
		{6635B216-8906-46F2-88F3-B1864C270987}.Release|Win32.Build.0 = Release|Win32
		{02605660-8BEE-4FB8-A166-621036F5C06E}.Debug|Any CPU.ActiveCfg = Debug|Win32
		{02605660-8BEE-4FB8-A166-621036F5C06E}.Debug|Mixed Platforms.ActiveCfg = Debug|Win32
		{02605660-8BEE-4FB8-A166-621036F5C06E}.Debug|Mixed Platforms.Build.0 = Debug|Win32
		{02605660-8BEE-4FB8-A166-621036F5C06E}.Debug|Win32.ActiveCfg = Debug|Win32
		{02605660-8BEE-4FB8-A166-621036F5C06E}.Debug|Win32.Build.0 = Debug|Win32
		{02605660-8BEE-4FB8-A166-621036F5C06E}.Release|Any CPU.ActiveCfg = Release|Win32
		{02605660-8BEE-4FB8-A166-621036F5C06E}.Release|Mixed Platforms.ActiveCfg = Release|Win32
		{02605660-8BEE-4FB8-A166-621036F5C06E}.Release|Mixed Platforms.Build.0 = Release|Win32
		{02605660-8BEE-4FB8-A166-621036F5C06E}.Release|Win32.ActiveCfg = Release|Win32
		{02605660-8BEE-4FB8-A166-621036F5C06E}.Release|Win32.Build.0 = Release|Win32
		{CD72EBA5-9ADB-4E4B-B584-7597D768C16F}.Debug|Any CPU.ActiveCfg = Debug|Win32
		{CD72EBA5-9ADB-4E4B-B584-7597D768C16F}.Debug|Mixed Platforms.ActiveCfg = Debug|Win32
		{CD72EBA5-9ADB-4E4B-B584-7597D768C16F}.Debug|Mixed Platforms.Build.0 = Debug|Win32
		{CD72EBA5-9ADB-4E4B-B584-7597D768C16F}.Debug|Win32.ActiveCfg = Debug|Win32
		{CD72EBA5-9ADB-4E4B-B584-7597D768C16F}.Debug|Win32.Build.0 = Debug|Win32
		{CD72EBA5-9ADB-4E4B-B584-7597D768C16F}.Release|Any CPU.ActiveCfg = Release|Win32
		{CD72EBA5-9ADB-4E4B-B584-7597D768C16F}.Release|Mixed Platforms.ActiveCfg = Release|Win32
		{CD72EBA5-9ADB-4E4B-B584-7597D768C16F}.Release|Mixed Platforms.Build.0 = Release|Win32
		{CD72EBA5-9ADB-4E4B-B584-7597D768C16F}.Release|Win32.ActiveCfg = Release|Win32
		{CD72EBA5-9ADB-4E4B-B584-7597D768C16F}.Release|Win32.Build.0 = Release|Win32
		{38E0BEEA-997A-48E3-9B22-8123875EE013}.Debug|Any CPU.ActiveCfg = Debug|Win32
		{38E0BEEA-997A-48E3-9B22-8123875EE013}.Debug|Mixed Platforms.ActiveCfg = Debug|Win32
		{38E0BEEA-997A-48E3-9B22-8123875EE013}.Debug|Mixed Platforms.Build.0 = Debug|Win32
		{38E0BEEA-997A-48E3-9B22-8123875EE013}.Debug|Win32.ActiveCfg = Debug|Win32
		{38E0BEEA-997A-48E3-9B22-8123875EE013}.Debug|Win32.Build.0 = Debug|Win32
		{38E0BEEA-997A-48E3-9B22-8123875EE013}.Release|Any CPU.ActiveCfg = Release|Win32
		{38E0BEEA-997A-48E3-9B22-8123875EE013}.Release|Mixed Platforms.ActiveCfg = Release|Win32
		{38E0BEEA-997A-48E3-9B22-8123875EE013}.Release|Mixed Platforms.Build.0 = Release|Win32
		{38E0BEEA-997A-48E3-9B22-8123875EE013}.Release|Win32.ActiveCfg = Release|Win32
		{38E0BEEA-997A-48E3-9B22-8123875EE013}.Release|Win32.Build.0 = Release|Win32
		{4915875D-7FA2-4780-9757-F4BB76379253}.Debug|Any CPU.ActiveCfg = Debug|Win32
		{4915875D-7FA2-4780-9757-F4BB76379253}.Debug|Mixed Platforms.ActiveCfg = Debug|Win32
		{4915875D-7FA2-4780-9757-F4BB76379253}.Debug|Mixed Platforms.Build.0 = Debug|Win32
		{4915875D-7FA2-4780-9757-F4BB76379253}.Debug|Win32.ActiveCfg = Debug|Win32
		{4915875D-7FA2-4780-9757-F4BB76379253}.Debug|Win32.Build.0 = Debug|Win32
		{4915875D-7FA2-4780-9757-F4BB76379253}.Release|Any CPU.ActiveCfg = Release|Win32
		{4915875D-7FA2-4780-9757-F4BB76379253}.Release|Mixed Platforms.ActiveCfg = Release|Win32
		{4915875D-7FA2-4780-9757-F4BB76379253}.Release|Mixed Platforms.Build.0 = Release|Win32
		{4915875D-7FA2-4780-9757-F4BB76379253}.Release|Win32.ActiveCfg = Release|Win32
		{4915875D-7FA2-4780-9757-F4BB76379253}.Release|Win32.Build.0 = Release|Win32
		{DC741C08-43B9-466D-B35D-38FDCCE2F7AB}.Debug|Any CPU.ActiveCfg = Debug|Win32
		{DC741C08-43B9-466D-B35D-38FDCCE2F7AB}.Debug|Mixed Platforms.ActiveCfg = Debug|Win32
		{DC741C08-43B9-466D-B35D-38FDCCE2F7AB}.Debug|Mixed Platforms.Build.0 = Debug|Win32
		{DC741C08-43B9-466D-B35D-38FDCCE2F7AB}.Debug|Win32.ActiveCfg = Debug|Win32
		{DC741C08-43B9-466D-B35D-38FDCCE2F7AB}.Debug|Win32.Build.0 = Debug|Win32
		{DC741C08-43B9-466D-B35D-38FDCCE2F7AB}.Release|Any CPU.ActiveCfg = Release|Win32
		{DC741C08-43B9-466D-B35D-38FDCCE2F7AB}.Release|Mixed Platforms.ActiveCfg = Release|Win32
		{DC741C08-43B9-466D-B35D-38FDCCE2F7AB}.Release|Mixed Platforms.Build.0 = Release|Win32
		{DC741C08-43B9-466D-B35D-38FDCCE2F7AB}.Release|Win32.ActiveCfg = Release|Win32
		{DC741C08-43B9-466D-B35D-38FDCCE2F7AB}.Release|Win32.Build.0 = Release|Win32
		{D3812328-B249-4291-9861-27B159C2780E}.Debug|Any CPU.ActiveCfg = Debug|Win32
		{D3812328-B249-4291-9861-27B159C2780E}.Debug|Mixed Platforms.ActiveCfg = Debug|Win32
		{D3812328-B249-4291-9861-27B159C2780E}.Debug|Mixed Platforms.Build.0 = Debug|Win32
		{D3812328-B249-4291-9861-27B159C2780E}.Debug|Win32.ActiveCfg = Debug|Win32
		{D3812328-B249-4291-9861-27B159C2780E}.Debug|Win32.Build.0 = Debug|Win32
		{D3812328-B249-4291-9861-27B159C2780E}.Release|Any CPU.ActiveCfg = Release|Win32
		{D3812328-B249-4291-9861-27B159C2780E}.Release|Mixed Platforms.ActiveCfg = Release|Win32
		{D3812328-B249-4291-9861-27B159C2780E}.Release|Mixed Platforms.Build.0 = Release|Win32
		{D3812328-B249-4291-9861-27B159C2780E}.Release|Win32.ActiveCfg = Release|Win32
		{D3812328-B249-4291-9861-27B159C2780E}.Release|Win32.Build.0 = Release|Win32
		{0AF3B593-4617-47B2-B597-7B56E5B1763D}.Debug|Any CPU.ActiveCfg = Debug|Win32
		{0AF3B593-4617-47B2-B597-7B56E5B1763D}.Debug|Mixed Platforms.ActiveCfg = Debug|Win32
		{0AF3B593-4617-47B2-B597-7B56E5B1763D}.Debug|Mixed Platforms.Build.0 = Debug|Win32
		{0AF3B593-4617-47B2-B597-7B56E5B1763D}.Debug|Win32.ActiveCfg = Debug|Win32
		{0AF3B593-4617-47B2-B597-7B56E5B1763D}.Debug|Win32.Build.0 = Debug|Win32
		{0AF3B593-4617-47B2-B597-7B56E5B1763D}.Release|Any CPU.ActiveCfg = Release|Win32
		{0AF3B593-4617-47B2-B597-7B56E5B1763D}.Release|Mixed Platforms.ActiveCfg = Release|Win32
		{0AF3B593-4617-47B2-B597-7B56E5B1763D}.Release|Mixed Platforms.Build.0 = Release|Win32
		{0AF3B593-4617-47B2-B597-7B56E5B1763D}.Release|Win32.ActiveCfg = Release|Win32
		{0AF3B593-4617-47B2-B597-7B56E5B1763D}.Release|Win32.Build.0 = Release|Win32
		{64D039E4-6DC0-4BDE-87CD-85E858364BCC}.Debug|Any CPU.ActiveCfg = Debug|Win32
		{64D039E4-6DC0-4BDE-87CD-85E858364BCC}.Debug|Mixed Platforms.ActiveCfg = Debug|Win32
		{64D039E4-6DC0-4BDE-87CD-85E858364BCC}.Debug|Mixed Platforms.Build.0 = Debug|Win32
		{64D039E4-6DC0-4BDE-87CD-85E858364BCC}.Debug|Win32.ActiveCfg = Debug|Win32
		{64D039E4-6DC0-4BDE-87CD-85E858364BCC}.Debug|Win32.Build.0 = Debug|Win32
		{64D039E4-6DC0-4BDE-87CD-85E858364BCC}.Release|Any CPU.ActiveCfg = Release|Win32
		{64D039E4-6DC0-4BDE-87CD-85E858364BCC}.Release|Mixed Platforms.ActiveCfg = Release|Win32
		{64D039E4-6DC0-4BDE-87CD-85E858364BCC}.Release|Mixed Platforms.Build.0 = Release|Win32
		{64D039E4-6DC0-4BDE-87CD-85E858364BCC}.Release|Win32.ActiveCfg = Release|Win32
		{64D039E4-6DC0-4BDE-87CD-85E858364BCC}.Release|Win32.Build.0 = Release|Win32
		{312E0496-500F-45F8-A925-720B1CEB4872}.Debug|Any CPU.ActiveCfg = Debug|Win32
		{312E0496-500F-45F8-A925-720B1CEB4872}.Debug|Mixed Platforms.ActiveCfg = Debug|Win32
		{312E0496-500F-45F8-A925-720B1CEB4872}.Debug|Mixed Platforms.Build.0 = Debug|Win32
		{312E0496-500F-45F8-A925-720B1CEB4872}.Debug|Win32.ActiveCfg = Debug|Win32
		{312E0496-500F-45F8-A925-720B1CEB4872}.Debug|Win32.Build.0 = Debug|Win32
		{312E0496-500F-45F8-A925-720B1CEB4872}.Release|Any CPU.ActiveCfg = Release|Win32
		{312E0496-500F-45F8-A925-720B1CEB4872}.Release|Mixed Platforms.ActiveCfg = Release|Win32
		{312E0496-500F-45F8-A925-720B1CEB4872}.Release|Mixed Platforms.Build.0 = Release|Win32
		{312E0496-500F-45F8-A925-720B1CEB4872}.Release|Win32.ActiveCfg = Release|Win32
		{312E0496-500F-45F8-A925-720B1CEB4872}.Release|Win32.Build.0 = Release|Win32
		{4164BE8D-6401-4FC8-BB6E-2F9CAA3ED948}.Debug|Any CPU.ActiveCfg = Debug|Win32
		{4164BE8D-6401-4FC8-BB6E-2F9CAA3ED948}.Debug|Mixed Platforms.ActiveCfg = Debug|Win32
		{4164BE8D-6401-4FC8-BB6E-2F9CAA3ED948}.Debug|Mixed Platforms.Build.0 = Debug|Win32
		{4164BE8D-6401-4FC8-BB6E-2F9CAA3ED948}.Debug|Win32.ActiveCfg = Debug|Win32
		{4164BE8D-6401-4FC8-BB6E-2F9CAA3ED948}.Debug|Win32.Build.0 = Debug|Win32
		{4164BE8D-6401-4FC8-BB6E-2F9CAA3ED948}.Release|Any CPU.ActiveCfg = Release|Win32
		{4164BE8D-6401-4FC8-BB6E-2F9CAA3ED948}.Release|Mixed Platforms.ActiveCfg = Release|Win32
		{4164BE8D-6401-4FC8-BB6E-2F9CAA3ED948}.Release|Mixed Platforms.Build.0 = Release|Win32
		{4164BE8D-6401-4FC8-BB6E-2F9CAA3ED948}.Release|Win32.ActiveCfg = Release|Win32
		{4164BE8D-6401-4FC8-BB6E-2F9CAA3ED948}.Release|Win32.Build.0 = Release|Win32
		{06DAA64B-930A-4EF4-8DD7-1AAFF5C4A228}.Debug|Any CPU.ActiveCfg = Debug|Win32
		{06DAA64B-930A-4EF4-8DD7-1AAFF5C4A228}.Debug|Mixed Platforms.ActiveCfg = Debug|Win32
		{06DAA64B-930A-4EF4-8DD7-1AAFF5C4A228}.Debug|Mixed Platforms.Build.0 = Debug|Win32
		{06DAA64B-930A-4EF4-8DD7-1AAFF5C4A228}.Debug|Win32.ActiveCfg = Debug|Win32
		{06DAA64B-930A-4EF4-8DD7-1AAFF5C4A228}.Debug|Win32.Build.0 = Debug|Win32
		{06DAA64B-930A-4EF4-8DD7-1AAFF5C4A228}.Release|Any CPU.ActiveCfg = Release|Win32
		{06DAA64B-930A-4EF4-8DD7-1AAFF5C4A228}.Release|Mixed Platforms.ActiveCfg = Release|Win32
		{06DAA64B-930A-4EF4-8DD7-1AAFF5C4A228}.Release|Mixed Platforms.Build.0 = Release|Win32
		{06DAA64B-930A-4EF4-8DD7-1AAFF5C4A228}.Release|Win32.ActiveCfg = Release|Win32
		{06DAA64B-930A-4EF4-8DD7-1AAFF5C4A228}.Release|Win32.Build.0 = Release|Win32
	EndGlobalSection
	GlobalSection(SolutionProperties) = preSolution
		HideSolutionNode = FALSE
	EndGlobalSection
	GlobalSection(NestedProjects) = preSolution
		{4D8304AC-5F7A-408B-8A62-D3B27D1A2CF5} = {E3695317-BE6B-4FC2-9F7A-02D5557B0B28}
		{92CDD86D-BC71-4969-8612-37E5C4375DF9} = {E3695317-BE6B-4FC2-9F7A-02D5557B0B28}
		{CB3F2789-7890-4415-BDFA-0E7FC37A8119} = {E3695317-BE6B-4FC2-9F7A-02D5557B0B28}
		{E9F2D2A6-DDDF-46CE-A233-C83CDEC560A7} = {E3695317-BE6B-4FC2-9F7A-02D5557B0B28}
		{5D97DFEE-511B-41DC-90C7-606642C918DF} = {E3695317-BE6B-4FC2-9F7A-02D5557B0B28}
		{54DF7FD6-BB35-4E10-B21E-EC50707C80FD} = {E3695317-BE6B-4FC2-9F7A-02D5557B0B28}
		{43827D56-D117-432F-896C-7597715350B3} = {E3695317-BE6B-4FC2-9F7A-02D5557B0B28}
		{C5F0154E-4F83-4325-89E9-A9BEB542C57C} = {E3695317-BE6B-4FC2-9F7A-02D5557B0B28}
		{17269E72-F981-48BA-A9C4-592B5D46B3A6} = {E3695317-BE6B-4FC2-9F7A-02D5557B0B28}
		{E7B37F51-29F2-420C-BB62-8AB49A96F668} = {E3695317-BE6B-4FC2-9F7A-02D5557B0B28}
		{93403D5A-370F-489E-9DB0-F5EC0952FA82} = {E3695317-BE6B-4FC2-9F7A-02D5557B0B28}
		{8E3812E9-DB85-4261-9F6D-EED59D308D84} = {E3695317-BE6B-4FC2-9F7A-02D5557B0B28}
		{C8A23204-225E-42B9-85C2-2FEACD9BEF52} = {1214E175-DF23-4427-9808-E3923EC2F283}
		{6A58ECE9-7CED-4ECD-BB2D-99454886381C} = {1214E175-DF23-4427-9808-E3923EC2F283}
		{3C5998BF-D1FF-4EB7-B064-92919ABC0F05} = {1214E175-DF23-4427-9808-E3923EC2F283}
		{8E1140C5-60E5-4A40-A908-6A9F2F6E7C1D} = {1214E175-DF23-4427-9808-E3923EC2F283}
		{19948A70-3E76-446B-B623-7DBA1225B024} = {1214E175-DF23-4427-9808-E3923EC2F283}
		{F6D09A0F-90A9-472B-A1F1-6A96178FBECB} = {1214E175-DF23-4427-9808-E3923EC2F283}
		{6BFE791F-118D-4DD4-9B51-D2CCDEBE269B} = {40EB0252-ACF3-4156-9EE2-73DD7E938928}
		{91F83A14-2C94-4A18-BE21-4EECB2C4FED5} = {40EB0252-ACF3-4156-9EE2-73DD7E938928}
		{B7045159-96C1-453B-9AEA-2486697EE68A} = {40EB0252-ACF3-4156-9EE2-73DD7E938928}
		{FA21F038-2BE1-43CC-9C69-59EB9D468258} = {7F5935B5-6FA0-423A-97FF-9A2E537082AB}
		{9D72C3BA-7131-4594-B0FD-AB676D1864EF} = {7F5935B5-6FA0-423A-97FF-9A2E537082AB}
		{6E152487-DE2A-4D94-A06C-D0C9FDE16622} = {7F5935B5-6FA0-423A-97FF-9A2E537082AB}
		{1628A27E-D46C-4710-AFC2-9DCF8CB759C3} = {7F5935B5-6FA0-423A-97FF-9A2E537082AB}
		{49A0B602-7630-4CAC-A728-0A5C94B943DA} = {7F5935B5-6FA0-423A-97FF-9A2E537082AB}
		{F1E7EF8E-78D1-4D9E-90F0-8C1A94E1C0C0} = {7F5935B5-6FA0-423A-97FF-9A2E537082AB}
		{055F9ED3-A239-4C1A-AE98-F4582E6DFD70} = {7F5935B5-6FA0-423A-97FF-9A2E537082AB}
		{3E30EA33-89F4-4C4F-BC71-DD944A61BC39} = {4A9934F2-83B1-4B45-8AEC-645CF688DDBA}
		{67E6D5A3-7825-4EC0-AC6E-2F8741412041} = {4A9934F2-83B1-4B45-8AEC-645CF688DDBA}
		{2D4D0E08-BDDA-46FE-B699-FC79EB9708B6} = {4A9934F2-83B1-4B45-8AEC-645CF688DDBA}
		{1E166D09-36F1-4BA2-A5E8-99EBD9CE9FE2} = {4A9934F2-83B1-4B45-8AEC-645CF688DDBA}
		{F210FCB2-C99E-4856-AE82-9959229B2EDC} = {4A9934F2-83B1-4B45-8AEC-645CF688DDBA}
		{066680DA-3F87-4976-B4D3-B93358CC4708} = {13687FE1-AEE2-4E21-ACA1-BD218CF85781}
		{5F774D66-2653-4D84-B82B-4975D5CE7BCB} = {13687FE1-AEE2-4E21-ACA1-BD218CF85781}
		{F81EADF7-E0F6-4A81-A72B-E6A778411DC5} = {13687FE1-AEE2-4E21-ACA1-BD218CF85781}
		{50490866-7392-4337-B1B0-36095A97432C} = {A3E101AE-F15F-4F9F-9221-4DD2A4E7F709}
		{3B720AA3-F902-4A25-A0CE-83603972F134} = {A3E101AE-F15F-4F9F-9221-4DD2A4E7F709}
		{1727F17B-913B-4ED0-B17B-F80C6EA4C325} = {A3E101AE-F15F-4F9F-9221-4DD2A4E7F709}
		{E1402238-1B29-4ABF-94C4-540948BDACC4} = {A3E101AE-F15F-4F9F-9221-4DD2A4E7F709}
		{A6BC49F7-7EA9-41CC-90D4-9737F2BD76EA} = {A3E101AE-F15F-4F9F-9221-4DD2A4E7F709}
		{A5F878C7-B40F-4C0E-BFC7-3C8D24E28F69} = {A3E101AE-F15F-4F9F-9221-4DD2A4E7F709}
		{3432D030-4DEA-4539-B152-59AA9B4DCB4D} = {A3E101AE-F15F-4F9F-9221-4DD2A4E7F709}
		{19D1004B-FCBE-4139-9EFD-D0FB92655680} = {A3E101AE-F15F-4F9F-9221-4DD2A4E7F709}
		{80448D0B-59AB-4ED6-9318-7BD072E9F0CA} = {A3E101AE-F15F-4F9F-9221-4DD2A4E7F709}
		{9B005044-13FF-465A-99A4-962F8B691138} = {9C075811-711A-4016-9640-2F132102EE31}
		{2E8A36DF-EDB3-4514-99FE-5CDD46C9B52F} = {9C075811-711A-4016-9640-2F132102EE31}
		{3D236FC0-0C93-4A4A-82C7-BB5D52C5BF9D} = {9C075811-711A-4016-9640-2F132102EE31}
		{E806D5D7-9BD1-4739-90FE-B50106211F27} = {9C075811-711A-4016-9640-2F132102EE31}
		{1B08AFCC-A3DF-416B-8302-E18AA19E3286} = {9C075811-711A-4016-9640-2F132102EE31}
		{B40BCAB5-FC8B-4D9F-814F-B1BAB3B29E22} = {64C08740-B754-470F-BA9C-46AC11C8A630}
		{C9C1E76A-A0AB-43BF-90FE-AF90EE6850D8} = {64C08740-B754-470F-BA9C-46AC11C8A630}
		{644E757F-2BB1-4200-B2F4-3318BFE16A09} = {64C08740-B754-470F-BA9C-46AC11C8A630}
		{E5DB6167-24E2-432E-9C9D-E8BBAEF6B4AB} = {64C08740-B754-470F-BA9C-46AC11C8A630}
		{C7548EA7-6392-4CBC-8737-525550FBD775} = {64C08740-B754-470F-BA9C-46AC11C8A630}
		{D832FD3D-8806-4127-A6E2-26BD5081169B} = {C75E37C8-D466-4DF3-BB68-93933960B6C8}
		{4B9507D7-A928-484C-8F5C-82D0EE3547BC} = {C75E37C8-D466-4DF3-BB68-93933960B6C8}
		{C4172EDA-C996-457A-9874-BC0A30439CAB} = {C75E37C8-D466-4DF3-BB68-93933960B6C8}
		{2E495434-DF63-4960-B8C2-44B649A85C74} = {C75E37C8-D466-4DF3-BB68-93933960B6C8}
		{685FAB30-7178-47B1-8A84-6EE2776B6A60} = {C75E37C8-D466-4DF3-BB68-93933960B6C8}
		{2633D99E-96BB-4C91-865A-9A3C364CD8E8} = {C75E37C8-D466-4DF3-BB68-93933960B6C8}
		{FC57B8EA-5EF3-4459-8880-F275F9A2664A} = {C75E37C8-D466-4DF3-BB68-93933960B6C8}
		{81E0338D-C054-4F38-AFD5-0A7DFD07F3DD} = {C75E37C8-D466-4DF3-BB68-93933960B6C8}
		{C5D7F6F7-0E9D-44CA-B1F0-19C31C95FF0A} = {C75E37C8-D466-4DF3-BB68-93933960B6C8}
		{300546FF-E17B-487F-8099-D382D3F320EC} = {C75E37C8-D466-4DF3-BB68-93933960B6C8}
		{489EB8DD-2A2F-4F9E-8702-BD4CCD4E045B} = {C75E37C8-D466-4DF3-BB68-93933960B6C8}
		{C47866FB-BC3D-4F6C-8519-1C57FBA02851} = {C75E37C8-D466-4DF3-BB68-93933960B6C8}
		{898EE91F-AFC0-4191-8767-AA55DFD40ACD} = {70335365-EB44-4BF6-9C15-27A7021486FD}
		{6073B1DE-0223-46D2-A798-110558E23373} = {70335365-EB44-4BF6-9C15-27A7021486FD}
		{238DA1FF-E070-42FA-ABF4-77EE6465DDFB} = {70335365-EB44-4BF6-9C15-27A7021486FD}
		{4AAD6BAC-7636-437C-810F-3C77A8E4899F} = {70335365-EB44-4BF6-9C15-27A7021486FD}
		{6635B216-8906-46F2-88F3-B1864C270987} = {70335365-EB44-4BF6-9C15-27A7021486FD}
		{02605660-8BEE-4FB8-A166-621036F5C06E} = {70335365-EB44-4BF6-9C15-27A7021486FD}
		{CD72EBA5-9ADB-4E4B-B584-7597D768C16F} = {70335365-EB44-4BF6-9C15-27A7021486FD}
		{38E0BEEA-997A-48E3-9B22-8123875EE013} = {70335365-EB44-4BF6-9C15-27A7021486FD}
		{4915875D-7FA2-4780-9757-F4BB76379253} = {70335365-EB44-4BF6-9C15-27A7021486FD}
		{2601ABD0-4E82-4889-A239-1BE15B6CF68D} = {70335365-EB44-4BF6-9C15-27A7021486FD}
		{DC741C08-43B9-466D-B35D-38FDCCE2F7AB} = {0ACCBBD4-0288-494D-B5B6-04C5D221E637}
		{D3812328-B249-4291-9861-27B159C2780E} = {0ACCBBD4-0288-494D-B5B6-04C5D221E637}
		{0AF3B593-4617-47B2-B597-7B56E5B1763D} = {0ACCBBD4-0288-494D-B5B6-04C5D221E637}
		{64D039E4-6DC0-4BDE-87CD-85E858364BCC} = {0ACCBBD4-0288-494D-B5B6-04C5D221E637}
		{312E0496-500F-45F8-A925-720B1CEB4872} = {0ACCBBD4-0288-494D-B5B6-04C5D221E637}
		{4164BE8D-6401-4FC8-BB6E-2F9CAA3ED948} = {0ACCBBD4-0288-494D-B5B6-04C5D221E637}
		{06DAA64B-930A-4EF4-8DD7-1AAFF5C4A228} = {0ACCBBD4-0288-494D-B5B6-04C5D221E637}
	EndGlobalSection
EndGlobal
