Microsoft Visual Studio Solution File, Format Version 7.00
Project("{8BC9CEB8-8B4A-11D0-8D11-00A0C91BC942}") = "ARGV Example", "ARGV_Example.vcproj", "{3D2A4A92-FECA-1BAD-80F5-8C3A94230932}"
EndProject
Project("{8BC9CEB8-8B4A-11D0-8D11-00A0C91BC942}") = "Get Opt", "Get_Opt.vcproj", "{6D16101D-FECA-1BAD-80F5-8C3A94230932}"
EndProject
Project("{8BC9CEB8-8B4A-11D0-8D11-00A0C91BC942}") = "Get Opt Long", "Get_Opt_Long.vcproj", "{11727F24-FECA-1BAD-80F5-8C3A94230932}"
EndProject
Project("{8BC9CEB8-8B4A-11D0-8D11-00A0C91BC942}") = "HA Status", "HA_Status.vcproj", "{DA5052AC-FECA-1BAD-80F5-8C3A94230932}"
EndProject
Global
	GlobalSection(SolutionConfiguration) = preSolution
		ConfigName.0 = Debug
		ConfigName.1 = Release
		ConfigName.2 = Static Debug
		ConfigName.3 = Static Release
	EndGlobalSection
	GlobalSection(ProjectDependencies) = postSolution
		{DA5052AC-FECA-1BAD-80F5-8C3A94230932}.0 = {ace.vcproj}
		{6D16101D-FECA-1BAD-80F5-8C3A94230932}.0 = {ace.vcproj}
		{11727F24-FECA-1BAD-80F5-8C3A94230932}.0 = {ace.vcproj}
		{3D2A4A92-FECA-1BAD-80F5-8C3A94230932}.0 = {ace.vcproj}
	EndGlobalSection
	GlobalSection(ProjectConfiguration) = postSolution
		{3D2A4A92-FECA-1BAD-80F5-8C3A94230932}.Debug.ActiveCfg = Debug|Win32
		{3D2A4A92-FECA-1BAD-80F5-8C3A94230932}.Debug.Build.0 = Debug|Win32
		{3D2A4A92-FECA-1BAD-80F5-8C3A94230932}.Release.ActiveCfg = Release|Win32
		{3D2A4A92-FECA-1BAD-80F5-8C3A94230932}.Release.Build.0 = Release|Win32
		{3D2A4A92-FECA-1BAD-80F5-8C3A94230932}.Static Debug.ActiveCfg = Static Debug|Win32
		{3D2A4A92-FECA-1BAD-80F5-8C3A94230932}.Static Debug.Build.0 = Static Debug|Win32
		{3D2A4A92-FECA-1BAD-80F5-8C3A94230932}.Static Release.ActiveCfg = Static Release|Win32
		{3D2A4A92-FECA-1BAD-80F5-8C3A94230932}.Static Release.Build.0 = Static Release|Win32
		{6D16101D-FECA-1BAD-80F5-8C3A94230932}.Debug.ActiveCfg = Debug|Win32
		{6D16101D-FECA-1BAD-80F5-8C3A94230932}.Debug.Build.0 = Debug|Win32
		{6D16101D-FECA-1BAD-80F5-8C3A94230932}.Release.ActiveCfg = Release|Win32
		{6D16101D-FECA-1BAD-80F5-8C3A94230932}.Release.Build.0 = Release|Win32
		{6D16101D-FECA-1BAD-80F5-8C3A94230932}.Static Debug.ActiveCfg = Static Debug|Win32
		{6D16101D-FECA-1BAD-80F5-8C3A94230932}.Static Debug.Build.0 = Static Debug|Win32
		{6D16101D-FECA-1BAD-80F5-8C3A94230932}.Static Release.ActiveCfg = Static Release|Win32
		{6D16101D-FECA-1BAD-80F5-8C3A94230932}.Static Release.Build.0 = Static Release|Win32
		{11727F24-FECA-1BAD-80F5-8C3A94230932}.Debug.ActiveCfg = Debug|Win32
		{11727F24-FECA-1BAD-80F5-8C3A94230932}.Debug.Build.0 = Debug|Win32
		{11727F24-FECA-1BAD-80F5-8C3A94230932}.Release.ActiveCfg = Release|Win32
		{11727F24-FECA-1BAD-80F5-8C3A94230932}.Release.Build.0 = Release|Win32
		{11727F24-FECA-1BAD-80F5-8C3A94230932}.Static Debug.ActiveCfg = Static Debug|Win32
		{11727F24-FECA-1BAD-80F5-8C3A94230932}.Static Debug.Build.0 = Static Debug|Win32
		{11727F24-FECA-1BAD-80F5-8C3A94230932}.Static Release.ActiveCfg = Static Release|Win32
		{11727F24-FECA-1BAD-80F5-8C3A94230932}.Static Release.Build.0 = Static Release|Win32
		{DA5052AC-FECA-1BAD-80F5-8C3A94230932}.Debug.ActiveCfg = Debug|Win32
		{DA5052AC-FECA-1BAD-80F5-8C3A94230932}.Debug.Build.0 = Debug|Win32
		{DA5052AC-FECA-1BAD-80F5-8C3A94230932}.Release.ActiveCfg = Release|Win32
		{DA5052AC-FECA-1BAD-80F5-8C3A94230932}.Release.Build.0 = Release|Win32
		{DA5052AC-FECA-1BAD-80F5-8C3A94230932}.Static Debug.ActiveCfg = Static Debug|Win32
		{DA5052AC-FECA-1BAD-80F5-8C3A94230932}.Static Debug.Build.0 = Static Debug|Win32
		{DA5052AC-FECA-1BAD-80F5-8C3A94230932}.Static Release.ActiveCfg = Static Release|Win32
		{DA5052AC-FECA-1BAD-80F5-8C3A94230932}.Static Release.Build.0 = Static Release|Win32
	EndGlobalSection
	GlobalSection(ExtensibilityGlobals) = postSolution
	EndGlobalSection
	GlobalSection(ExtensibilityAddIns) = postSolution
	EndGlobalSection
EndGlobal
