
Microsoft Visual Studio Solution File, Format Version 10.00
# Visual Studio 2008
Project("{8BC9CEB8-8B4A-11D0-8D11-00A0C91BC942}") = "pack", "pack.vcproj", "{6FAC1A16-5630-4DE4-B348-82D1FCDA0E9D}"
EndProject
Global
	GlobalSection(SolutionConfigurationPlatforms) = preSolution
		Debug|Win32 = Debug|Win32
		Release|Win32 = Release|Win32
	EndGlobalSection
	GlobalSection(ProjectConfigurationPlatforms) = postSolution
		{6FAC1A16-5630-4DE4-B348-82D1FCDA0E9D}.Debug|Win32.ActiveCfg = Debug|Win32
		{6FAC1A16-5630-4DE4-B348-82D1FCDA0E9D}.Debug|Win32.Build.0 = Debug|Win32
		{6FAC1A16-5630-4DE4-B348-82D1FCDA0E9D}.Release|Win32.ActiveCfg = Release|Win32
		{6FAC1A16-5630-4DE4-B348-82D1FCDA0E9D}.Release|Win32.Build.0 = Release|Win32
	EndGlobalSection
	GlobalSection(SolutionProperties) = preSolution
		HideSolutionNode = FALSE
	EndGlobalSection
EndGlobal
